// !$*UTF8*$!
{
	archiveVersion = 1;
	classes = {
	};
	objectVersion = 46;
	objects = {
/* Begin PBXBuildFile section */
		0207DA581B56EA530066E2B4 /* Images.xcassets in Resources */ = {isa = PBXBuildFile; fileRef = 0207DA571B56EA530066E2B4 /* Images.xcassets */; };
		1D3623260D0F684500981E51 /* AppDelegate.m in Sources */ = {isa = PBXBuildFile; fileRef = 1D3623250D0F684500981E51 /* AppDelegate.m */; };
		1D60589B0D05DD56006BFB54 /* main.m in Sources */ = {isa = PBXBuildFile; fileRef = 29B97316FDCFA39411CA2CEA /* main.m */; };
		301BF552109A68D80062928A /* libCordova.a in Frameworks */ = {isa = PBXBuildFile; fileRef = 301BF535109A57CC0062928A /* libCordova.a */; settings = {ATTRIBUTES = (Required, ); }; };
		302D95F114D2391D003F00A1 /* MainViewController.m in Sources */ = {isa = PBXBuildFile; fileRef = 302D95EF14D2391D003F00A1 /* MainViewController.m */; };
		302D95F214D2391D003F00A1 /* MainViewController.xib in Resources */ = {isa = PBXBuildFile; fileRef = 302D95F014D2391D003F00A1 /* MainViewController.xib */; };
		6AFF5BF91D6E424B00AB3073 /* CDVLaunchScreen.storyboard in Resources */ = {isa = PBXBuildFile; fileRef = 6AFF5BF81D6E424B00AB3073 /* CDVLaunchScreen.storyboard */; };
		8F7FCBBE36B94ED8A2F0219E /* CDVFile.m in Sources */ = {isa = PBXBuildFile; fileRef = 6F4FB32552A445A7B3851CFC /* CDVFile.m */; };
		9D2E8F1E86114D5F8BF649CF /* CDVLocalFilesystem.m in Sources */ = {isa = PBXBuildFile; fileRef = F21E5F14E9AC4D02B042772A /* CDVLocalFilesystem.m */; };
		C53B6FE3D1954405A9ED2293 /* CDVAssetLibraryFilesystem.m in Sources */ = {isa = PBXBuildFile; fileRef = 5C4B52928E3A4D72BBBEF9BB /* CDVAssetLibraryFilesystem.m */; };
		F3CBF4C9FF144EA59F0A2BD9 /* CordovaHttpPlugin.m in Sources */ = {isa = PBXBuildFile; fileRef = F86BA95EF4ED446D852A4E41 /* CordovaHttpPlugin.m */; };
		20FDCA352ECD438FB7FD6E51 /* TextResponseSerializer.m in Sources */ = {isa = PBXBuildFile; fileRef = 0138F4A4A98C40E8BA3E62E3 /* TextResponseSerializer.m */; };
		849F8A79859C41D49F82B5FB /* TextRequestSerializer.m in Sources */ = {isa = PBXBuildFile; fileRef = 3FDF85A05C154E8985E5A6D2 /* TextRequestSerializer.m */; };
		D9FE5612CBC04198A2EAC65C /* AFHTTPSessionManager.m in Sources */ = {isa = PBXBuildFile; fileRef = 7EC5BC9CE4274B078C0D84D7 /* AFHTTPSessionManager.m */; };
		676E8CA3BB14451BB5810FA9 /* AFNetworkReachabilityManager.m in Sources */ = {isa = PBXBuildFile; fileRef = 47C6757FDD6D4041B6CF21EF /* AFNetworkReachabilityManager.m */; };
		22C5F1FE69B24B6EB94C307B /* AFSecurityPolicy.m in Sources */ = {isa = PBXBuildFile; fileRef = 8DB62A8C33D046689F3E4686 /* AFSecurityPolicy.m */; };
		D0B5E2754DBB4F9CA9F453ED /* AFURLRequestSerialization.m in Sources */ = {isa = PBXBuildFile; fileRef = 769B1374E3CB407EA80D5B73 /* AFURLRequestSerialization.m */; };
		1EC387AEB70A4CF3B64E729E /* AFURLResponseSerialization.m in Sources */ = {isa = PBXBuildFile; fileRef = DB1E9F939F674C4C878743FC /* AFURLResponseSerialization.m */; };
		04C7F8BC115E4FA0A23A8566 /* AFURLSessionManager.m in Sources */ = {isa = PBXBuildFile; fileRef = 8443B7B9A30946489E13BA1A /* AFURLSessionManager.m */; };
		0C032CE2A17C44B5BDFFEE48 /* SDNetworkActivityIndicator.m in Sources */ = {isa = PBXBuildFile; fileRef = 0663FB0CE9FE442B8CFE637D /* SDNetworkActivityIndicator.m */; };
		69C1F50455EE4D4C94000C4E /* Security.framework in Frameworks */ = {isa = PBXBuildFile; fileRef = 682D61CD5D644A5AB60FF754 /* Security.framework */; };
		88DF63BD5529496EA72DBC69 /* SystemConfiguration.framework in Frameworks */ = {isa = PBXBuildFile; fileRef = AE095B8F9D4D4F0BA115F8CC /* SystemConfiguration.framework */; };
		B74D13051F2A4973B9C52D0C /* UIImage+CropScaleOrientation.m in Sources */ = {isa = PBXBuildFile; fileRef = 7AD858C3553D41B1880E381F /* UIImage+CropScaleOrientation.m */; };
		BB586E5186044631B3A74D24 /* CDVCamera.m in Sources */ = {isa = PBXBuildFile; fileRef = 46C73F29D32E4B599454F594 /* CDVCamera.m */; };
		199B5A72AAE7461E9B08B5C2 /* CDVJpegHeaderWriter.m in Sources */ = {isa = PBXBuildFile; fileRef = B761A333191E40C486B56617 /* CDVJpegHeaderWriter.m */; };
		0C86578D723944FEA5C335B2 /* ImageIO.framework in Frameworks */ = {isa = PBXBuildFile; fileRef = 435E67595E434E4B87B6A44E /* ImageIO.framework */; settings = {ATTRIBUTES = (Weak, ); }; };
		643A2E2A4FCA411898225275 /* CoreLocation.framework in Frameworks */ = {isa = PBXBuildFile; fileRef = 33B806EE9D394DB8A4FB2C08 /* CoreLocation.framework */; };
		6DBF35757FD44F4E82048173 /* AVFoundation.framework in Frameworks */ = {isa = PBXBuildFile; fileRef = 4EDDC7D5C9D544F68CF8014F /* AVFoundation.framework */; };
		E87203EB27854F3B8D6E756E /* sqlDB.h in Resources */ = {isa = PBXBuildFile; fileRef = 206260A8EA5F48B682866E53 /* sqlDB.h */; };
		AE477A0FD187459D8EECCB77 /* sqlDB.m in Sources */ = {isa = PBXBuildFile; fileRef = 4AF0330413F74E01B3BC6300 /* sqlDB.m */; };
		A40C3CA2FEC346EC8B4B2439 /* CDVDevice.m in Sources */ = {isa = PBXBuildFile; fileRef = BE1F0E82412D44A4A28D841C /* CDVDevice.m */; };
		2B095D11FF574F77ABB616E3 /* libz.tbd in Frameworks */ = {isa = PBXBuildFile; fileRef = 7540E5906DA042B0852DF9C7 /* libz.tbd */; };
		93278CFBD64E4002971D8B8A /* APPEmailComposer.m in Sources */ = {isa = PBXBuildFile; fileRef = 378C2CF573F940D7ACEBD2EE /* APPEmailComposer.m */; };
		98201B35E6044958A886D47A /* APPEmailComposerImpl.m in Sources */ = {isa = PBXBuildFile; fileRef = A9DB5294535E448885002594 /* APPEmailComposerImpl.m */; };
		26D10AF15513451CA12B5A48 /* MessageUI.framework in Frameworks */ = {isa = PBXBuildFile; fileRef = 7C9F428F7EFE42FABF3D67DF /* MessageUI.framework */; };
		F66DD9099E96475CBEF18374 /* FileOpener2.m in Sources */ = {isa = PBXBuildFile; fileRef = 2D3982CBAD7D4117982CAE69 /* FileOpener2.m */; };
		747CCFD5B5CB4A4A92FF3D40 /* CDVFileTransfer.m in Sources */ = {isa = PBXBuildFile; fileRef = 330C99A5DF544351A1EF4A80 /* CDVFileTransfer.m */; };
		A0CF3A7E7F4840F6B58C0F1D /* CDVLocation.m in Sources */ = {isa = PBXBuildFile; fileRef = 3F91C788DB5D4B69A8DE2211 /* CDVLocation.m */; };
		613C193E92D9458C9471A132 /* CDVInAppBrowser.m in Sources */ = {isa = PBXBuildFile; fileRef = 64DE09C8F8754B06A6306183 /* CDVInAppBrowser.m */; };
		6CD5FA008432427FA2104F0E /* CDVSplashScreen.m in Sources */ = {isa = PBXBuildFile; fileRef = 87A6E649A8DA4C4ABD9686CD /* CDVSplashScreen.m */; };
		A705892846394D8CAA88A160 /* CDVViewController+SplashScreen.m in Sources */ = {isa = PBXBuildFile; fileRef = 8B29F01601C54C6B9EB7B809 /* CDVViewController+SplashScreen.m */; };
		00D6BDCB641E450BBEFD20FA /* CDVWKWebViewEngine.m in Sources */ = {isa = PBXBuildFile; fileRef = 3730401A36114345AF7982CE /* CDVWKWebViewEngine.m */; };
		F5DB07B35ED54F4996236326 /* CDVWKWebViewUIDelegate.m in Sources */ = {isa = PBXBuildFile; fileRef = DFFF407FD9E74CF590071073 /* CDVWKWebViewUIDelegate.m */; };
		F826C36ECFFE404A8B46144F /* CDVWKProcessPoolFactory.m in Sources */ = {isa = PBXBuildFile; fileRef = 49A1CDB05D0A40D795914A68 /* CDVWKProcessPoolFactory.m */; };
		B9612631E8384755A4310052 /* IONAssetHandler.m in Sources */ = {isa = PBXBuildFile; fileRef = 618666C090934FB3B3658EB2 /* IONAssetHandler.m */; };
		C6C710298B1042809D454DB9 /* WebKit.framework in Frameworks */ = {isa = PBXBuildFile; fileRef = D570D5303F0E416D9DC31A71 /* WebKit.framework */; settings = {ATTRIBUTES = (Weak, ); }; };
		59BDC48574FB43C3A17704C8 /* CDVSplashScreen+IonicCordovaCommon.m in Sources */ = {isa = PBXBuildFile; fileRef = 24CC42FF9FA44A3894BBEC09 /* CDVSplashScreen+IonicCordovaCommon.m */; };
		014530622CF844B2B23FD8B2 /* IonicCordovaCommon.m in Sources */ = {isa = PBXBuildFile; fileRef = AB48E038386F4CE490AB7F41 /* IonicCordovaCommon.m */; };
		C70C6FA0BAD14120AE042F50 /* CDVIonicKeyboard.m in Sources */ = {isa = PBXBuildFile; fileRef = 27ACF609AE4A419FB5C88672 /* CDVIonicKeyboard.m */; };
		872012D698D54B959466569F /* CDVKeyboard.m in Sources */ = {isa = PBXBuildFile; fileRef = 5D75FCD7E2464C23B45CD90C /* CDVKeyboard.m */; };
		BB3635898AC9436E8708D35D /* CDVSpinnerDialog.m in Sources */ = {isa = PBXBuildFile; fileRef = 97BC36343EA24D8CAB463D60 /* CDVSpinnerDialog.m */; };
		18727EEC474E4815A126917F /* SafariViewController.m in Sources */ = {isa = PBXBuildFile; fileRef = B5B8C5C7D2184B3C8CCA9F31 /* SafariViewController.m */; };
		AD26EB69EDD5469BB281614D /* SafariServices.framework in Frameworks */ = {isa = PBXBuildFile; fileRef = 16FBBD32D268401383FF281A /* SafariServices.framework */; settings = {ATTRIBUTES = (Weak, ); }; };
		6AB29ED4A93C4C85B7BB4C6F /* CDVStatusBar.m in Sources */ = {isa = PBXBuildFile; fileRef = 37910CAFEDE944349AB34D53 /* CDVStatusBar.m */; };
		DC2749F1BD7E46FBAD546284 /* Toast+UIView.m in Sources */ = {isa = PBXBuildFile; fileRef = F581B3146B2F4D22BEF57CE0 /* Toast+UIView.m */; };
		2EDEC57DAE0B4A5FB03632B1 /* Toast.m in Sources */ = {isa = PBXBuildFile; fileRef = D9F1BBEFFE03426290B8FEC4 /* Toast.m */; };
		45DDB58DF5DE4B9F9BDA3FC0 /* QuartzCore.framework in Frameworks */ = {isa = PBXBuildFile; fileRef = 65C64CBE64F6458FBC1C1612 /* QuartzCore.framework */; };
		81376CD407594B58B91FEF8E /* APPPrinter.m in Sources */ = {isa = PBXBuildFile; fileRef = D603BD46CC6B40509B9376C1 /* APPPrinter.m */; };
/* End PBXBuildFile section */

/* Begin PBXContainerItemProxy section */
		301BF534109A57CC0062928A /* PBXContainerItemProxy */ = {
			isa = PBXContainerItemProxy;
			containerPortal = 301BF52D109A57CC0062928A /* CordovaLib.xcodeproj */;
			proxyType = 2;
			remoteGlobalIDString = D2AAC07E0554694100DB518D;
			remoteInfo = CordovaLib;
		};
		301BF550109A68C00062928A /* PBXContainerItemProxy */ = {
			isa = PBXContainerItemProxy;
			containerPortal = 301BF52D109A57CC0062928A /* CordovaLib.xcodeproj */;
			proxyType = 1;
			remoteGlobalIDString = D2AAC07D0554694100DB518D;
			remoteInfo = CordovaLib;
		};
		907D8123214C687600058A10 /* PBXContainerItemProxy */ = {
			isa = PBXContainerItemProxy;
			containerPortal = 301BF52D109A57CC0062928A /* CordovaLib.xcodeproj */;
			proxyType = 2;
			remoteGlobalIDString = C0C01EB21E3911D50056E6CB;
			remoteInfo = Cordova;
		};
/* End PBXContainerItemProxy section */

/* Begin PBXFileReference section */
		0207DA571B56EA530066E2B4 /* Images.xcassets */ = {isa = PBXFileReference; lastKnownFileType = folder.assetcatalog; name = Images.xcassets; path = "CONVERGENCE/Images.xcassets"; sourceTree = SOURCE_ROOT; };
		1D3623240D0F684500981E51 /* AppDelegate.h */ = {isa = PBXFileReference; fileEncoding = 4; lastKnownFileType = sourcecode.c.h; path = AppDelegate.h; sourceTree = "<group>"; };
		1D3623250D0F684500981E51 /* AppDelegate.m */ = {isa = PBXFileReference; fileEncoding = 4; lastKnownFileType = sourcecode.c.objc; path = AppDelegate.m; sourceTree = "<group>"; };
		1D6058910D05DD3D006BFB54 /* CONVERGENCE.app */ = {isa = PBXFileReference; explicitFileType = wrapper.application; includeInIndex = 0; path = "CONVERGENCE.app"; sourceTree = BUILT_PRODUCTS_DIR; };
		29B97316FDCFA39411CA2CEA /* main.m */ = {isa = PBXFileReference; fileEncoding = 4; lastKnownFileType = sourcecode.c.objc; path = main.m; sourceTree = "<group>"; };
		301BF52D109A57CC0062928A /* CordovaLib.xcodeproj */ = {isa = PBXFileReference; lastKnownFileType = "wrapper.pb-project"; path = CordovaLib/CordovaLib.xcodeproj; sourceTree = "<group>"; };
		301BF56E109A69640062928A /* www */ = {isa = PBXFileReference; lastKnownFileType = folder; path = www; sourceTree = SOURCE_ROOT; };
		302D95EE14D2391D003F00A1 /* MainViewController.h */ = {isa = PBXFileReference; fileEncoding = 4; lastKnownFileType = sourcecode.c.h; path = MainViewController.h; sourceTree = "<group>"; };
		302D95EF14D2391D003F00A1 /* MainViewController.m */ = {isa = PBXFileReference; fileEncoding = 4; lastKnownFileType = sourcecode.c.objc; path = MainViewController.m; sourceTree = "<group>"; };
		302D95F014D2391D003F00A1 /* MainViewController.xib */ = {isa = PBXFileReference; fileEncoding = 4; lastKnownFileType = file.xib; path = MainViewController.xib; sourceTree = "<group>"; };
		3047A50F1AB8059700498E2A /* build-debug.xcconfig */ = {isa = PBXFileReference; fileEncoding = 4; lastKnownFileType = text.xcconfig; name = "build-debug.xcconfig"; path = "cordova/build-debug.xcconfig"; sourceTree = SOURCE_ROOT; };
		3047A5101AB8059700498E2A /* build-release.xcconfig */ = {isa = PBXFileReference; fileEncoding = 4; lastKnownFileType = text.xcconfig; name = "build-release.xcconfig"; path = "cordova/build-release.xcconfig"; sourceTree = SOURCE_ROOT; };
		3047A5111AB8059700498E2A /* build.xcconfig */ = {isa = PBXFileReference; fileEncoding = 4; lastKnownFileType = text.xcconfig; name = build.xcconfig; path = cordova/build.xcconfig; sourceTree = SOURCE_ROOT; };
		32CA4F630368D1EE00C91783 /* CONVERGENCE-Prefix.pch */ = {isa = PBXFileReference; fileEncoding = 4; lastKnownFileType = sourcecode.c.h; path = "CONVERGENCE-Prefix.pch"; sourceTree = "<group>"; };
		6AFF5BF81D6E424B00AB3073 /* CDVLaunchScreen.storyboard */ = {isa = PBXFileReference; fileEncoding = 4; lastKnownFileType = file.storyboard; name = CDVLaunchScreen.storyboard; path = "CONVERGENCE/CDVLaunchScreen.storyboard"; sourceTree = SOURCE_ROOT; };
		8D1107310486CEB800E47090 /* CONVERGENCE-Info.plist */ = {isa = PBXFileReference; fileEncoding = 4; lastKnownFileType = text.plist.xml; name = "CONVERGENCE-Info.plist"; path = "CONVERGENCE/CONVERGENCE-Info.plist"; plistStructureDefinitionIdentifier = "com.apple.xcode.plist.structure-definition.iphone.info-plist"; sourceTree = SOURCE_ROOT; };
		EB87FDF31871DA8E0020F90C /* www */ = {isa = PBXFileReference; lastKnownFileType = folder; name = www; path = ../../www; sourceTree = "<group>"; };
		EB87FDF41871DAF40020F90C /* config.xml */ = {isa = PBXFileReference; lastKnownFileType = text.xml; name = config.xml; path = ../../config.xml; sourceTree = "<group>"; };
		ED33DF2A687741AEAF9F8254 /* Bridging-Header.h */ = {isa = PBXFileReference; fileEncoding = 4; lastKnownFileType = sourcecode.c.h; name = "Bridging-Header.h"; path = "Bridging-Header.h"; sourceTree = "<group>"; };
		F840E1F0165FE0F500CFE078 /* config.xml */ = {isa = PBXFileReference; lastKnownFileType = text.xml; name = config.xml; path = "CONVERGENCE/config.xml"; sourceTree = "<group>"; };
		6F4FB32552A445A7B3851CFC /* CDVFile.m */ = {isa = PBXFileReference; name = "CDVFile.m"; path = "cordova-plugin-file/CDVFile.m"; sourceTree = "<group>"; fileEncoding = 4; lastKnownFileType = sourcecode.c.objc; explicitFileType = undefined; includeInIndex = 0; };
		F21E5F14E9AC4D02B042772A /* CDVLocalFilesystem.m */ = {isa = PBXFileReference; name = "CDVLocalFilesystem.m"; path = "cordova-plugin-file/CDVLocalFilesystem.m"; sourceTree = "<group>"; fileEncoding = 4; lastKnownFileType = sourcecode.c.objc; explicitFileType = undefined; includeInIndex = 0; };
		5C4B52928E3A4D72BBBEF9BB /* CDVAssetLibraryFilesystem.m */ = {isa = PBXFileReference; name = "CDVAssetLibraryFilesystem.m"; path = "cordova-plugin-file/CDVAssetLibraryFilesystem.m"; sourceTree = "<group>"; fileEncoding = 4; lastKnownFileType = sourcecode.c.objc; explicitFileType = undefined; includeInIndex = 0; };
		7D575DBDDDC14DA4A2C003D3 /* CDVFile.h */ = {isa = PBXFileReference; name = "CDVFile.h"; path = "cordova-plugin-file/CDVFile.h"; sourceTree = "<group>"; fileEncoding = 4; lastKnownFileType = sourcecode.c.h; explicitFileType = undefined; includeInIndex = 0; };
		96EE565C6D0849689017709E /* CDVLocalFilesystem.h */ = {isa = PBXFileReference; name = "CDVLocalFilesystem.h"; path = "cordova-plugin-file/CDVLocalFilesystem.h"; sourceTree = "<group>"; fileEncoding = 4; lastKnownFileType = sourcecode.c.h; explicitFileType = undefined; includeInIndex = 0; };
		B98BDE13FA9C432DA14B6C51 /* CDVAssetLibraryFilesystem.h */ = {isa = PBXFileReference; name = "CDVAssetLibraryFilesystem.h"; path = "cordova-plugin-file/CDVAssetLibraryFilesystem.h"; sourceTree = "<group>"; fileEncoding = 4; lastKnownFileType = sourcecode.c.h; explicitFileType = undefined; includeInIndex = 0; };
		F86BA95EF4ED446D852A4E41 /* CordovaHttpPlugin.m */ = {isa = PBXFileReference; name = "CordovaHttpPlugin.m"; path = "cordova-plugin-advanced-http/CordovaHttpPlugin.m"; sourceTree = "<group>"; fileEncoding = 4; lastKnownFileType = sourcecode.c.objc; explicitFileType = undefined; includeInIndex = 0; };
		0138F4A4A98C40E8BA3E62E3 /* TextResponseSerializer.m */ = {isa = PBXFileReference; name = "TextResponseSerializer.m"; path = "cordova-plugin-advanced-http/TextResponseSerializer.m"; sourceTree = "<group>"; fileEncoding = 4; lastKnownFileType = sourcecode.c.objc; explicitFileType = undefined; includeInIndex = 0; };
		3FDF85A05C154E8985E5A6D2 /* TextRequestSerializer.m */ = {isa = PBXFileReference; name = "TextRequestSerializer.m"; path = "cordova-plugin-advanced-http/TextRequestSerializer.m"; sourceTree = "<group>"; fileEncoding = 4; lastKnownFileType = sourcecode.c.objc; explicitFileType = undefined; includeInIndex = 0; };
		7EC5BC9CE4274B078C0D84D7 /* AFHTTPSessionManager.m */ = {isa = PBXFileReference; name = "AFHTTPSessionManager.m"; path = "cordova-plugin-advanced-http/AFHTTPSessionManager.m"; sourceTree = "<group>"; fileEncoding = 4; lastKnownFileType = sourcecode.c.objc; explicitFileType = undefined; includeInIndex = 0; };
		47C6757FDD6D4041B6CF21EF /* AFNetworkReachabilityManager.m */ = {isa = PBXFileReference; name = "AFNetworkReachabilityManager.m"; path = "cordova-plugin-advanced-http/AFNetworkReachabilityManager.m"; sourceTree = "<group>"; fileEncoding = 4; lastKnownFileType = sourcecode.c.objc; explicitFileType = undefined; includeInIndex = 0; };
		8DB62A8C33D046689F3E4686 /* AFSecurityPolicy.m */ = {isa = PBXFileReference; name = "AFSecurityPolicy.m"; path = "cordova-plugin-advanced-http/AFSecurityPolicy.m"; sourceTree = "<group>"; fileEncoding = 4; lastKnownFileType = sourcecode.c.objc; explicitFileType = undefined; includeInIndex = 0; };
		769B1374E3CB407EA80D5B73 /* AFURLRequestSerialization.m */ = {isa = PBXFileReference; name = "AFURLRequestSerialization.m"; path = "cordova-plugin-advanced-http/AFURLRequestSerialization.m"; sourceTree = "<group>"; fileEncoding = 4; lastKnownFileType = sourcecode.c.objc; explicitFileType = undefined; includeInIndex = 0; };
		DB1E9F939F674C4C878743FC /* AFURLResponseSerialization.m */ = {isa = PBXFileReference; name = "AFURLResponseSerialization.m"; path = "cordova-plugin-advanced-http/AFURLResponseSerialization.m"; sourceTree = "<group>"; fileEncoding = 4; lastKnownFileType = sourcecode.c.objc; explicitFileType = undefined; includeInIndex = 0; };
		8443B7B9A30946489E13BA1A /* AFURLSessionManager.m */ = {isa = PBXFileReference; name = "AFURLSessionManager.m"; path = "cordova-plugin-advanced-http/AFURLSessionManager.m"; sourceTree = "<group>"; fileEncoding = 4; lastKnownFileType = sourcecode.c.objc; explicitFileType = undefined; includeInIndex = 0; };
		0663FB0CE9FE442B8CFE637D /* SDNetworkActivityIndicator.m */ = {isa = PBXFileReference; name = "SDNetworkActivityIndicator.m"; path = "cordova-plugin-advanced-http/SDNetworkActivityIndicator.m"; sourceTree = "<group>"; fileEncoding = 4; lastKnownFileType = sourcecode.c.objc; explicitFileType = undefined; includeInIndex = 0; };
		8F0130A4EC2041D38F93C287 /* CordovaHttpPlugin.h */ = {isa = PBXFileReference; name = "CordovaHttpPlugin.h"; path = "cordova-plugin-advanced-http/CordovaHttpPlugin.h"; sourceTree = "<group>"; fileEncoding = 4; lastKnownFileType = sourcecode.c.h; explicitFileType = undefined; includeInIndex = 0; };
		26733C8F29EE4746835282A0 /* TextResponseSerializer.h */ = {isa = PBXFileReference; name = "TextResponseSerializer.h"; path = "cordova-plugin-advanced-http/TextResponseSerializer.h"; sourceTree = "<group>"; fileEncoding = 4; lastKnownFileType = sourcecode.c.h; explicitFileType = undefined; includeInIndex = 0; };
		77BB49B06B5F46A684DC87F3 /* TextRequestSerializer.h */ = {isa = PBXFileReference; name = "TextRequestSerializer.h"; path = "cordova-plugin-advanced-http/TextRequestSerializer.h"; sourceTree = "<group>"; fileEncoding = 4; lastKnownFileType = sourcecode.c.h; explicitFileType = undefined; includeInIndex = 0; };
		64229131FCEF47D99DACF8E2 /* AFHTTPSessionManager.h */ = {isa = PBXFileReference; name = "AFHTTPSessionManager.h"; path = "cordova-plugin-advanced-http/AFHTTPSessionManager.h"; sourceTree = "<group>"; fileEncoding = 4; lastKnownFileType = sourcecode.c.h; explicitFileType = undefined; includeInIndex = 0; };
		EFF28488426748AFB8F67CBF /* AFNetworking.h */ = {isa = PBXFileReference; name = "AFNetworking.h"; path = "cordova-plugin-advanced-http/AFNetworking.h"; sourceTree = "<group>"; fileEncoding = 4; lastKnownFileType = sourcecode.c.h; explicitFileType = undefined; includeInIndex = 0; };
		D27FE13CB1CA49F79E124B0B /* AFNetworkReachabilityManager.h */ = {isa = PBXFileReference; name = "AFNetworkReachabilityManager.h"; path = "cordova-plugin-advanced-http/AFNetworkReachabilityManager.h"; sourceTree = "<group>"; fileEncoding = 4; lastKnownFileType = sourcecode.c.h; explicitFileType = undefined; includeInIndex = 0; };
		F249EEEC1CCB427C89C73910 /* AFSecurityPolicy.h */ = {isa = PBXFileReference; name = "AFSecurityPolicy.h"; path = "cordova-plugin-advanced-http/AFSecurityPolicy.h"; sourceTree = "<group>"; fileEncoding = 4; lastKnownFileType = sourcecode.c.h; explicitFileType = undefined; includeInIndex = 0; };
		AD7D50AA2459474B96C71CC8 /* AFURLRequestSerialization.h */ = {isa = PBXFileReference; name = "AFURLRequestSerialization.h"; path = "cordova-plugin-advanced-http/AFURLRequestSerialization.h"; sourceTree = "<group>"; fileEncoding = 4; lastKnownFileType = sourcecode.c.h; explicitFileType = undefined; includeInIndex = 0; };
		346BEA2B304F4A6A92173893 /* AFURLResponseSerialization.h */ = {isa = PBXFileReference; name = "AFURLResponseSerialization.h"; path = "cordova-plugin-advanced-http/AFURLResponseSerialization.h"; sourceTree = "<group>"; fileEncoding = 4; lastKnownFileType = sourcecode.c.h; explicitFileType = undefined; includeInIndex = 0; };
		7A63D5EABE724ED594B2F676 /* AFURLSessionManager.h */ = {isa = PBXFileReference; name = "AFURLSessionManager.h"; path = "cordova-plugin-advanced-http/AFURLSessionManager.h"; sourceTree = "<group>"; fileEncoding = 4; lastKnownFileType = sourcecode.c.h; explicitFileType = undefined; includeInIndex = 0; };
		9D723FFA76B141CA90D2D947 /* SDNetworkActivityIndicator.h */ = {isa = PBXFileReference; name = "SDNetworkActivityIndicator.h"; path = "cordova-plugin-advanced-http/SDNetworkActivityIndicator.h"; sourceTree = "<group>"; fileEncoding = 4; lastKnownFileType = sourcecode.c.h; explicitFileType = undefined; includeInIndex = 0; };
		682D61CD5D644A5AB60FF754 /* Security.framework */ = {isa = PBXFileReference; name = "Security.framework"; path = "System/Library/Frameworks/Security.framework"; sourceTree = SDKROOT; fileEncoding = undefined; lastKnownFileType = wrapper.framework; explicitFileType = undefined; includeInIndex = 0; };
		AE095B8F9D4D4F0BA115F8CC /* SystemConfiguration.framework */ = {isa = PBXFileReference; name = "SystemConfiguration.framework"; path = "System/Library/Frameworks/SystemConfiguration.framework"; sourceTree = SDKROOT; fileEncoding = undefined; lastKnownFileType = wrapper.framework; explicitFileType = undefined; includeInIndex = 0; };
		7AD858C3553D41B1880E381F /* UIImage+CropScaleOrientation.m */ = {isa = PBXFileReference; name = "UIImage+CropScaleOrientation.m"; path = "cordova-plugin-camera/UIImage+CropScaleOrientation.m"; sourceTree = "<group>"; fileEncoding = 4; lastKnownFileType = sourcecode.c.objc; explicitFileType = undefined; includeInIndex = 0; };
		46C73F29D32E4B599454F594 /* CDVCamera.m */ = {isa = PBXFileReference; name = "CDVCamera.m"; path = "cordova-plugin-camera/CDVCamera.m"; sourceTree = "<group>"; fileEncoding = 4; lastKnownFileType = sourcecode.c.objc; explicitFileType = undefined; includeInIndex = 0; };
		B761A333191E40C486B56617 /* CDVJpegHeaderWriter.m */ = {isa = PBXFileReference; name = "CDVJpegHeaderWriter.m"; path = "cordova-plugin-camera/CDVJpegHeaderWriter.m"; sourceTree = "<group>"; fileEncoding = 4; lastKnownFileType = sourcecode.c.objc; explicitFileType = undefined; includeInIndex = 0; };
		5BFBB843DBAA465DB92CE99F /* UIImage+CropScaleOrientation.h */ = {isa = PBXFileReference; name = "UIImage+CropScaleOrientation.h"; path = "cordova-plugin-camera/UIImage+CropScaleOrientation.h"; sourceTree = "<group>"; fileEncoding = 4; lastKnownFileType = sourcecode.c.h; explicitFileType = undefined; includeInIndex = 0; };
		62EECB17C18E4457BA17D074 /* CDVCamera.h */ = {isa = PBXFileReference; name = "CDVCamera.h"; path = "cordova-plugin-camera/CDVCamera.h"; sourceTree = "<group>"; fileEncoding = 4; lastKnownFileType = sourcecode.c.h; explicitFileType = undefined; includeInIndex = 0; };
		40ED0D4CFC774B0291125614 /* CDVJpegHeaderWriter.h */ = {isa = PBXFileReference; name = "CDVJpegHeaderWriter.h"; path = "cordova-plugin-camera/CDVJpegHeaderWriter.h"; sourceTree = "<group>"; fileEncoding = 4; lastKnownFileType = sourcecode.c.h; explicitFileType = undefined; includeInIndex = 0; };
		1FC32440F6D3435D9A49B362 /* CDVExif.h */ = {isa = PBXFileReference; name = "CDVExif.h"; path = "cordova-plugin-camera/CDVExif.h"; sourceTree = "<group>"; fileEncoding = 4; lastKnownFileType = sourcecode.c.h; explicitFileType = undefined; includeInIndex = 0; };
		435E67595E434E4B87B6A44E /* ImageIO.framework */ = {isa = PBXFileReference; name = "ImageIO.framework"; path = "System/Library/Frameworks/ImageIO.framework"; sourceTree = SDKROOT; fileEncoding = undefined; lastKnownFileType = wrapper.framework; explicitFileType = undefined; includeInIndex = 0; };
		33B806EE9D394DB8A4FB2C08 /* CoreLocation.framework */ = {isa = PBXFileReference; name = "CoreLocation.framework"; path = "System/Library/Frameworks/CoreLocation.framework"; sourceTree = SDKROOT; fileEncoding = undefined; lastKnownFileType = wrapper.framework; explicitFileType = undefined; includeInIndex = 0; };
		4EDDC7D5C9D544F68CF8014F /* AVFoundation.framework */ = {isa = PBXFileReference; name = "AVFoundation.framework"; path = "System/Library/Frameworks/AVFoundation.framework"; sourceTree = SDKROOT; fileEncoding = undefined; lastKnownFileType = wrapper.framework; explicitFileType = undefined; includeInIndex = 0; };
		206260A8EA5F48B682866E53 /* sqlDB.h */ = {isa = PBXFileReference; name = "sqlDB.h"; path = "cordova-plugin-dbcopy/sqlDB.h"; sourceTree = "<group>"; fileEncoding = 4; lastKnownFileType = sourcecode.c.h; explicitFileType = undefined; includeInIndex = 0; };
		4AF0330413F74E01B3BC6300 /* sqlDB.m */ = {isa = PBXFileReference; name = "sqlDB.m"; path = "cordova-plugin-dbcopy/sqlDB.m"; sourceTree = "<group>"; fileEncoding = 4; lastKnownFileType = sourcecode.c.objc; explicitFileType = undefined; includeInIndex = 0; };
		BE1F0E82412D44A4A28D841C /* CDVDevice.m */ = {isa = PBXFileReference; name = "CDVDevice.m"; path = "cordova-plugin-device/CDVDevice.m"; sourceTree = "<group>"; fileEncoding = 4; lastKnownFileType = sourcecode.c.objc; explicitFileType = undefined; includeInIndex = 0; };
		2F736BB736A44556B3B9EB1E /* CDVDevice.h */ = {isa = PBXFileReference; name = "CDVDevice.h"; path = "cordova-plugin-device/CDVDevice.h"; sourceTree = "<group>"; fileEncoding = 4; lastKnownFileType = sourcecode.c.h; explicitFileType = undefined; includeInIndex = 0; };
		7540E5906DA042B0852DF9C7 /* libz.tbd */ = {isa = PBXFileReference; name = "libz.tbd"; path = "usr/lib/libz.tbd"; sourceTree = SDKROOT; fileEncoding = undefined; lastKnownFileType = sourcecode.text-based-dylib-definition; explicitFileType = undefined; includeInIndex = 0; };
		378C2CF573F940D7ACEBD2EE /* APPEmailComposer.m */ = {isa = PBXFileReference; name = "APPEmailComposer.m"; path = "cordova-plugin-email/APPEmailComposer.m"; sourceTree = "<group>"; fileEncoding = 4; lastKnownFileType = sourcecode.c.objc; explicitFileType = undefined; includeInIndex = 0; };
		A9DB5294535E448885002594 /* APPEmailComposerImpl.m */ = {isa = PBXFileReference; name = "APPEmailComposerImpl.m"; path = "cordova-plugin-email/APPEmailComposerImpl.m"; sourceTree = "<group>"; fileEncoding = 4; lastKnownFileType = sourcecode.c.objc; explicitFileType = undefined; includeInIndex = 0; };
		2C96C69130C54615A39A4D77 /* APPEmailComposer.h */ = {isa = PBXFileReference; name = "APPEmailComposer.h"; path = "cordova-plugin-email/APPEmailComposer.h"; sourceTree = "<group>"; fileEncoding = 4; lastKnownFileType = sourcecode.c.h; explicitFileType = undefined; includeInIndex = 0; };
		37BB2FC9D2284DECBC8D3907 /* APPEmailComposerImpl.h */ = {isa = PBXFileReference; name = "APPEmailComposerImpl.h"; path = "cordova-plugin-email/APPEmailComposerImpl.h"; sourceTree = "<group>"; fileEncoding = 4; lastKnownFileType = sourcecode.c.h; explicitFileType = undefined; includeInIndex = 0; };
		7C9F428F7EFE42FABF3D67DF /* MessageUI.framework */ = {isa = PBXFileReference; name = "MessageUI.framework"; path = "System/Library/Frameworks/MessageUI.framework"; sourceTree = SDKROOT; fileEncoding = undefined; lastKnownFileType = wrapper.framework; explicitFileType = undefined; includeInIndex = 0; };
		2D3982CBAD7D4117982CAE69 /* FileOpener2.m */ = {isa = PBXFileReference; name = "FileOpener2.m"; path = "cordova-plugin-file-opener2/FileOpener2.m"; sourceTree = "<group>"; fileEncoding = 4; lastKnownFileType = sourcecode.c.objc; explicitFileType = undefined; includeInIndex = 0; };
		B1662D57B1C9458A89E5399F /* FileOpener2.h */ = {isa = PBXFileReference; name = "FileOpener2.h"; path = "cordova-plugin-file-opener2/FileOpener2.h"; sourceTree = "<group>"; fileEncoding = 4; lastKnownFileType = sourcecode.c.h; explicitFileType = undefined; includeInIndex = 0; };
		330C99A5DF544351A1EF4A80 /* CDVFileTransfer.m */ = {isa = PBXFileReference; name = "CDVFileTransfer.m"; path = "cordova-plugin-file-transfer/CDVFileTransfer.m"; sourceTree = "<group>"; fileEncoding = 4; lastKnownFileType = sourcecode.c.objc; explicitFileType = undefined; includeInIndex = 0; };
		20D96E83870347F89494335D /* CDVFileTransfer.h */ = {isa = PBXFileReference; name = "CDVFileTransfer.h"; path = "cordova-plugin-file-transfer/CDVFileTransfer.h"; sourceTree = "<group>"; fileEncoding = 4; lastKnownFileType = sourcecode.c.h; explicitFileType = undefined; includeInIndex = 0; };
		3F91C788DB5D4B69A8DE2211 /* CDVLocation.m */ = {isa = PBXFileReference; name = "CDVLocation.m"; path = "cordova-plugin-geolocation/CDVLocation.m"; sourceTree = "<group>"; fileEncoding = 4; lastKnownFileType = sourcecode.c.objc; explicitFileType = undefined; includeInIndex = 0; };
		A53E9FCF0FCD4221B927E049 /* CDVLocation.h */ = {isa = PBXFileReference; name = "CDVLocation.h"; path = "cordova-plugin-geolocation/CDVLocation.h"; sourceTree = "<group>"; fileEncoding = 4; lastKnownFileType = sourcecode.c.h; explicitFileType = undefined; includeInIndex = 0; };
		64DE09C8F8754B06A6306183 /* CDVInAppBrowser.m */ = {isa = PBXFileReference; name = "CDVInAppBrowser.m"; path = "cordova-plugin-inappbrowser/CDVInAppBrowser.m"; sourceTree = "<group>"; fileEncoding = 4; lastKnownFileType = sourcecode.c.objc; explicitFileType = undefined; includeInIndex = 0; };
		E6AA5FA3AE42492CB395381E /* CDVInAppBrowser.h */ = {isa = PBXFileReference; name = "CDVInAppBrowser.h"; path = "cordova-plugin-inappbrowser/CDVInAppBrowser.h"; sourceTree = "<group>"; fileEncoding = 4; lastKnownFileType = sourcecode.c.h; explicitFileType = undefined; includeInIndex = 0; };
		87A6E649A8DA4C4ABD9686CD /* CDVSplashScreen.m */ = {isa = PBXFileReference; name = "CDVSplashScreen.m"; path = "cordova-plugin-splashscreen/CDVSplashScreen.m"; sourceTree = "<group>"; fileEncoding = 4; lastKnownFileType = sourcecode.c.objc; explicitFileType = undefined; includeInIndex = 0; };
		8B29F01601C54C6B9EB7B809 /* CDVViewController+SplashScreen.m */ = {isa = PBXFileReference; name = "CDVViewController+SplashScreen.m"; path = "cordova-plugin-splashscreen/CDVViewController+SplashScreen.m"; sourceTree = "<group>"; fileEncoding = 4; lastKnownFileType = sourcecode.c.objc; explicitFileType = undefined; includeInIndex = 0; };
		A83168BC91814E50ADD8AFAC /* CDVSplashScreen.h */ = {isa = PBXFileReference; name = "CDVSplashScreen.h"; path = "cordova-plugin-splashscreen/CDVSplashScreen.h"; sourceTree = "<group>"; fileEncoding = 4; lastKnownFileType = sourcecode.c.h; explicitFileType = undefined; includeInIndex = 0; };
		0A995756EF4C4FCAA442013E /* CDVViewController+SplashScreen.h */ = {isa = PBXFileReference; name = "CDVViewController+SplashScreen.h"; path = "cordova-plugin-splashscreen/CDVViewController+SplashScreen.h"; sourceTree = "<group>"; fileEncoding = 4; lastKnownFileType = sourcecode.c.h; explicitFileType = undefined; includeInIndex = 0; };
		3730401A36114345AF7982CE /* CDVWKWebViewEngine.m */ = {isa = PBXFileReference; name = "CDVWKWebViewEngine.m"; path = "cordova-plugin-ionic-webview/CDVWKWebViewEngine.m"; sourceTree = "<group>"; fileEncoding = 4; lastKnownFileType = sourcecode.c.objc; explicitFileType = undefined; includeInIndex = 0; };
		DFFF407FD9E74CF590071073 /* CDVWKWebViewUIDelegate.m */ = {isa = PBXFileReference; name = "CDVWKWebViewUIDelegate.m"; path = "cordova-plugin-ionic-webview/CDVWKWebViewUIDelegate.m"; sourceTree = "<group>"; fileEncoding = 4; lastKnownFileType = sourcecode.c.objc; explicitFileType = undefined; includeInIndex = 0; };
		49A1CDB05D0A40D795914A68 /* CDVWKProcessPoolFactory.m */ = {isa = PBXFileReference; name = "CDVWKProcessPoolFactory.m"; path = "cordova-plugin-ionic-webview/CDVWKProcessPoolFactory.m"; sourceTree = "<group>"; fileEncoding = 4; lastKnownFileType = sourcecode.c.objc; explicitFileType = undefined; includeInIndex = 0; };
		618666C090934FB3B3658EB2 /* IONAssetHandler.m */ = {isa = PBXFileReference; name = "IONAssetHandler.m"; path = "cordova-plugin-ionic-webview/IONAssetHandler.m"; sourceTree = "<group>"; fileEncoding = 4; lastKnownFileType = sourcecode.c.objc; explicitFileType = undefined; includeInIndex = 0; };
		D18B2238B1F34EB19E04EEC8 /* CDVWKWebViewEngine.h */ = {isa = PBXFileReference; name = "CDVWKWebViewEngine.h"; path = "cordova-plugin-ionic-webview/CDVWKWebViewEngine.h"; sourceTree = "<group>"; fileEncoding = 4; lastKnownFileType = sourcecode.c.h; explicitFileType = undefined; includeInIndex = 0; };
		849C82339CC34DD6AEDD95BA /* CDVWKWebViewUIDelegate.h */ = {isa = PBXFileReference; name = "CDVWKWebViewUIDelegate.h"; path = "cordova-plugin-ionic-webview/CDVWKWebViewUIDelegate.h"; sourceTree = "<group>"; fileEncoding = 4; lastKnownFileType = sourcecode.c.h; explicitFileType = undefined; includeInIndex = 0; };
		3A782FAADCC5457E8BDD4DBE /* CDVWKProcessPoolFactory.h */ = {isa = PBXFileReference; name = "CDVWKProcessPoolFactory.h"; path = "cordova-plugin-ionic-webview/CDVWKProcessPoolFactory.h"; sourceTree = "<group>"; fileEncoding = 4; lastKnownFileType = sourcecode.c.h; explicitFileType = undefined; includeInIndex = 0; };
		536F5A5CD2164D22B5977FBB /* IONAssetHandler.h */ = {isa = PBXFileReference; name = "IONAssetHandler.h"; path = "cordova-plugin-ionic-webview/IONAssetHandler.h"; sourceTree = "<group>"; fileEncoding = 4; lastKnownFileType = sourcecode.c.h; explicitFileType = undefined; includeInIndex = 0; };
		D570D5303F0E416D9DC31A71 /* WebKit.framework */ = {isa = PBXFileReference; name = "WebKit.framework"; path = "System/Library/Frameworks/WebKit.framework"; sourceTree = SDKROOT; fileEncoding = undefined; lastKnownFileType = wrapper.framework; explicitFileType = undefined; includeInIndex = 0; };
		24CC42FF9FA44A3894BBEC09 /* CDVSplashScreen+IonicCordovaCommon.m */ = {isa = PBXFileReference; name = "CDVSplashScreen+IonicCordovaCommon.m"; path = "cordova-plugin-ionic/CDVSplashScreen+IonicCordovaCommon.m"; sourceTree = "<group>"; fileEncoding = 4; lastKnownFileType = sourcecode.c.objc; explicitFileType = undefined; includeInIndex = 0; };
		AB48E038386F4CE490AB7F41 /* IonicCordovaCommon.m */ = {isa = PBXFileReference; name = "IonicCordovaCommon.m"; path = "cordova-plugin-ionic/IonicCordovaCommon.m"; sourceTree = "<group>"; fileEncoding = 4; lastKnownFileType = sourcecode.c.objc; explicitFileType = undefined; includeInIndex = 0; };
		3191F250F41443599A92EEEF /* CDVSplashScreen+IonicCordovaCommon.h */ = {isa = PBXFileReference; name = "CDVSplashScreen+IonicCordovaCommon.h"; path = "cordova-plugin-ionic/CDVSplashScreen+IonicCordovaCommon.h"; sourceTree = "<group>"; fileEncoding = 4; lastKnownFileType = sourcecode.c.h; explicitFileType = undefined; includeInIndex = 0; };
		1E6D22DA46B24F7DB3245250 /* IonicCordovaCommon.h */ = {isa = PBXFileReference; name = "IonicCordovaCommon.h"; path = "cordova-plugin-ionic/IonicCordovaCommon.h"; sourceTree = "<group>"; fileEncoding = 4; lastKnownFileType = sourcecode.c.h; explicitFileType = undefined; includeInIndex = 0; };
		27ACF609AE4A419FB5C88672 /* CDVIonicKeyboard.m */ = {isa = PBXFileReference; name = "CDVIonicKeyboard.m"; path = "cordova-plugin-ionic-keyboard/CDVIonicKeyboard.m"; sourceTree = "<group>"; fileEncoding = 4; lastKnownFileType = sourcecode.c.objc; explicitFileType = undefined; includeInIndex = 0; };
		5AC7DE5464674F51AFCA450D /* CDVIonicKeyboard.h */ = {isa = PBXFileReference; name = "CDVIonicKeyboard.h"; path = "cordova-plugin-ionic-keyboard/CDVIonicKeyboard.h"; sourceTree = "<group>"; fileEncoding = 4; lastKnownFileType = sourcecode.c.h; explicitFileType = undefined; includeInIndex = 0; };
		5D75FCD7E2464C23B45CD90C /* CDVKeyboard.m */ = {isa = PBXFileReference; name = "CDVKeyboard.m"; path = "cordova-plugin-keyboard/CDVKeyboard.m"; sourceTree = "<group>"; fileEncoding = 4; lastKnownFileType = sourcecode.c.objc; explicitFileType = undefined; includeInIndex = 0; };
		DA6AEC40CD944E428E2E0619 /* CDVKeyboard.h */ = {isa = PBXFileReference; name = "CDVKeyboard.h"; path = "cordova-plugin-keyboard/CDVKeyboard.h"; sourceTree = "<group>"; fileEncoding = 4; lastKnownFileType = sourcecode.c.h; explicitFileType = undefined; includeInIndex = 0; };
		97BC36343EA24D8CAB463D60 /* CDVSpinnerDialog.m */ = {isa = PBXFileReference; name = "CDVSpinnerDialog.m"; path = "cordova-plugin-native-spinner/CDVSpinnerDialog.m"; sourceTree = "<group>"; fileEncoding = 4; lastKnownFileType = sourcecode.c.objc; explicitFileType = undefined; includeInIndex = 0; };
		8E98C44F67A0469DB7AB177D /* CDVSpinnerDialog.h */ = {isa = PBXFileReference; name = "CDVSpinnerDialog.h"; path = "cordova-plugin-native-spinner/CDVSpinnerDialog.h"; sourceTree = "<group>"; fileEncoding = 4; lastKnownFileType = sourcecode.c.h; explicitFileType = undefined; includeInIndex = 0; };
		B5B8C5C7D2184B3C8CCA9F31 /* SafariViewController.m */ = {isa = PBXFileReference; name = "SafariViewController.m"; path = "cordova-plugin-safariviewcontroller/SafariViewController.m"; sourceTree = "<group>"; fileEncoding = 4; lastKnownFileType = sourcecode.c.objc; explicitFileType = undefined; includeInIndex = 0; };
		3839ACDE58014697B1C124C1 /* SafariViewController.h */ = {isa = PBXFileReference; name = "SafariViewController.h"; path = "cordova-plugin-safariviewcontroller/SafariViewController.h"; sourceTree = "<group>"; fileEncoding = 4; lastKnownFileType = sourcecode.c.h; explicitFileType = undefined; includeInIndex = 0; };
		16FBBD32D268401383FF281A /* SafariServices.framework */ = {isa = PBXFileReference; name = "SafariServices.framework"; path = "System/Library/Frameworks/SafariServices.framework"; sourceTree = SDKROOT; fileEncoding = undefined; lastKnownFileType = wrapper.framework; explicitFileType = undefined; includeInIndex = 0; };
		37910CAFEDE944349AB34D53 /* CDVStatusBar.m */ = {isa = PBXFileReference; name = "CDVStatusBar.m"; path = "cordova-plugin-statusbar/CDVStatusBar.m"; sourceTree = "<group>"; fileEncoding = 4; lastKnownFileType = sourcecode.c.objc; explicitFileType = undefined; includeInIndex = 0; };
		A57E64380139489AB9B6CBC0 /* CDVStatusBar.h */ = {isa = PBXFileReference; name = "CDVStatusBar.h"; path = "cordova-plugin-statusbar/CDVStatusBar.h"; sourceTree = "<group>"; fileEncoding = 4; lastKnownFileType = sourcecode.c.h; explicitFileType = undefined; includeInIndex = 0; };
		F581B3146B2F4D22BEF57CE0 /* Toast+UIView.m */ = {isa = PBXFileReference; name = "Toast+UIView.m"; path = "cordova-plugin-x-toast/Toast+UIView.m"; sourceTree = "<group>"; fileEncoding = 4; lastKnownFileType = sourcecode.c.objc; explicitFileType = undefined; includeInIndex = 0; };
		D9F1BBEFFE03426290B8FEC4 /* Toast.m */ = {isa = PBXFileReference; name = "Toast.m"; path = "cordova-plugin-x-toast/Toast.m"; sourceTree = "<group>"; fileEncoding = 4; lastKnownFileType = sourcecode.c.objc; explicitFileType = undefined; includeInIndex = 0; };
		C9A4BDF1F7F5453280F53C3B /* Toast+UIView.h */ = {isa = PBXFileReference; name = "Toast+UIView.h"; path = "cordova-plugin-x-toast/Toast+UIView.h"; sourceTree = "<group>"; fileEncoding = 4; lastKnownFileType = sourcecode.c.h; explicitFileType = undefined; includeInIndex = 0; };
		A7FC6C07643742ACAA4C4882 /* Toast.h */ = {isa = PBXFileReference; name = "Toast.h"; path = "cordova-plugin-x-toast/Toast.h"; sourceTree = "<group>"; fileEncoding = 4; lastKnownFileType = sourcecode.c.h; explicitFileType = undefined; includeInIndex = 0; };
		65C64CBE64F6458FBC1C1612 /* QuartzCore.framework */ = {isa = PBXFileReference; name = "QuartzCore.framework"; path = "System/Library/Frameworks/QuartzCore.framework"; sourceTree = SDKROOT; fileEncoding = undefined; lastKnownFileType = wrapper.framework; explicitFileType = undefined; includeInIndex = 0; };
		D603BD46CC6B40509B9376C1 /* APPPrinter.m */ = {isa = PBXFileReference; name = "APPPrinter.m"; path = "de.appplant.cordova.plugin.printer/APPPrinter.m"; sourceTree = "<group>"; fileEncoding = 4; lastKnownFileType = sourcecode.c.objc; explicitFileType = undefined; includeInIndex = 0; };
		3A0213F57BE4423F86A9AF1C /* APPPrinter.h */ = {isa = PBXFileReference; name = "APPPrinter.h"; path = "de.appplant.cordova.plugin.printer/APPPrinter.h"; sourceTree = "<group>"; fileEncoding = 4; lastKnownFileType = sourcecode.c.h; explicitFileType = undefined; includeInIndex = 0; };
/* End PBXFileReference section */

/* Begin PBXFrameworksBuildPhase section */
		1D60588F0D05DD3D006BFB54 /* Frameworks */ = {
			isa = PBXFrameworksBuildPhase;
			buildActionMask = 2147483647;
			files = (
				301BF552109A68D80062928A /* libCordova.a in Frameworks */,
				69C1F50455EE4D4C94000C4E /* Security.framework in Frameworks */,
				88DF63BD5529496EA72DBC69 /* SystemConfiguration.framework in Frameworks */,
				0C86578D723944FEA5C335B2 /* ImageIO.framework in Frameworks */,
				643A2E2A4FCA411898225275 /* CoreLocation.framework in Frameworks */,
				6DBF35757FD44F4E82048173 /* AVFoundation.framework in Frameworks */,
				2B095D11FF574F77ABB616E3 /* libz.tbd in Frameworks */,
				26D10AF15513451CA12B5A48 /* MessageUI.framework in Frameworks */,
				C6C710298B1042809D454DB9 /* WebKit.framework in Frameworks */,
				AD26EB69EDD5469BB281614D /* SafariServices.framework in Frameworks */,
				45DDB58DF5DE4B9F9BDA3FC0 /* QuartzCore.framework in Frameworks */,
			);
			runOnlyForDeploymentPostprocessing = 0;
		};
/* End PBXFrameworksBuildPhase section */

/* Begin PBXGroup section */
		080E96DDFE201D6D7F000001 /* Classes */ = {
			isa = PBXGroup;
			children = (
				302D95EE14D2391D003F00A1 /* MainViewController.h */,
				302D95EF14D2391D003F00A1 /* MainViewController.m */,
				302D95F014D2391D003F00A1 /* MainViewController.xib */,
				1D3623240D0F684500981E51 /* AppDelegate.h */,
				1D3623250D0F684500981E51 /* AppDelegate.m */,
			);
			name = Classes;
			path = "CONVERGENCE/Classes";
			sourceTree = SOURCE_ROOT;
		};
		19C28FACFE9D520D11CA2CBB /* Products */ = {
			isa = PBXGroup;
			children = (
				1D6058910D05DD3D006BFB54 /* CONVERGENCE.app */,
			);
			name = Products;
			sourceTree = "<group>";
		};
		29B97314FDCFA39411CA2CEA /* CustomTemplate */ = {
			isa = PBXGroup;
			children = (
				EB87FDF41871DAF40020F90C /* config.xml */,
				EB87FDF31871DA8E0020F90C /* www */,
				EB87FDF11871DA420020F90C /* Staging */,
				301BF52D109A57CC0062928A /* CordovaLib.xcodeproj */,
				080E96DDFE201D6D7F000001 /* Classes */,
				307C750510C5A3420062BCA9 /* Plugins */,
				29B97315FDCFA39411CA2CEA /* Other Sources */,
				29B97317FDCFA39411CA2CEA /* Resources */,
				29B97323FDCFA39411CA2CEA /* Frameworks */,
				19C28FACFE9D520D11CA2CBB /* Products */,
			);
			name = CustomTemplate;
			sourceTree = "<group>";
		};
		29B97315FDCFA39411CA2CEA /* Other Sources */ = {
			isa = PBXGroup;
			children = (
				32CA4F630368D1EE00C91783 /* CONVERGENCE-Prefix.pch */,
				29B97316FDCFA39411CA2CEA /* main.m */,
				ED33DF2A687741AEAF9F8254 /* Bridging-Header.h */,
			);
			name = "Other Sources";
			path = "CONVERGENCE";
			sourceTree = "<group>";
		};
		29B97317FDCFA39411CA2CEA /* Resources */ = {
			isa = PBXGroup;
			children = (
				0207DA571B56EA530066E2B4 /* Images.xcassets */,
				3047A50E1AB8057F00498E2A /* config */,
				8D1107310486CEB800E47090 /* CONVERGENCE-Info.plist */,
				6AFF5BF81D6E424B00AB3073 /* CDVLaunchScreen.storyboard */,
			);
			name = Resources;
			path = "CONVERGENCE/Resources";
			sourceTree = "<group>";
		};
		29B97323FDCFA39411CA2CEA /* Frameworks */ = {
			isa = PBXGroup;
			children = (
				682D61CD5D644A5AB60FF754 /* Security.framework */,
				AE095B8F9D4D4F0BA115F8CC /* SystemConfiguration.framework */,
				435E67595E434E4B87B6A44E /* ImageIO.framework */,
				33B806EE9D394DB8A4FB2C08 /* CoreLocation.framework */,
				4EDDC7D5C9D544F68CF8014F /* AVFoundation.framework */,
				7540E5906DA042B0852DF9C7 /* libz.tbd */,
				7C9F428F7EFE42FABF3D67DF /* MessageUI.framework */,
				D570D5303F0E416D9DC31A71 /* WebKit.framework */,
				16FBBD32D268401383FF281A /* SafariServices.framework */,
				65C64CBE64F6458FBC1C1612 /* QuartzCore.framework */,
			);
			name = Frameworks;
			sourceTree = "<group>";
		};
		301BF52E109A57CC0062928A /* Products */ = {
			isa = PBXGroup;
			children = (
				301BF535109A57CC0062928A /* libCordova.a */,
				907D8124214C687600058A10 /* Cordova.framework */,
			);
			name = Products;
			sourceTree = "<group>";
		};
		3047A50E1AB8057F00498E2A /* config */ = {
			isa = PBXGroup;
			children = (
				3047A50F1AB8059700498E2A /* build-debug.xcconfig */,
				3047A5101AB8059700498E2A /* build-release.xcconfig */,
				3047A5111AB8059700498E2A /* build.xcconfig */,
			);
			name = config;
			sourceTree = "<group>";
		};
		307C750510C5A3420062BCA9 /* Plugins */ = {
			isa = PBXGroup;
			children = (
				6F4FB32552A445A7B3851CFC /* CDVFile.m */,
				F21E5F14E9AC4D02B042772A /* CDVLocalFilesystem.m */,
				5C4B52928E3A4D72BBBEF9BB /* CDVAssetLibraryFilesystem.m */,
				7D575DBDDDC14DA4A2C003D3 /* CDVFile.h */,
				96EE565C6D0849689017709E /* CDVLocalFilesystem.h */,
				B98BDE13FA9C432DA14B6C51 /* CDVAssetLibraryFilesystem.h */,
				F86BA95EF4ED446D852A4E41 /* CordovaHttpPlugin.m */,
				0138F4A4A98C40E8BA3E62E3 /* TextResponseSerializer.m */,
				3FDF85A05C154E8985E5A6D2 /* TextRequestSerializer.m */,
				7EC5BC9CE4274B078C0D84D7 /* AFHTTPSessionManager.m */,
				47C6757FDD6D4041B6CF21EF /* AFNetworkReachabilityManager.m */,
				8DB62A8C33D046689F3E4686 /* AFSecurityPolicy.m */,
				769B1374E3CB407EA80D5B73 /* AFURLRequestSerialization.m */,
				DB1E9F939F674C4C878743FC /* AFURLResponseSerialization.m */,
				8443B7B9A30946489E13BA1A /* AFURLSessionManager.m */,
				0663FB0CE9FE442B8CFE637D /* SDNetworkActivityIndicator.m */,
				8F0130A4EC2041D38F93C287 /* CordovaHttpPlugin.h */,
				26733C8F29EE4746835282A0 /* TextResponseSerializer.h */,
				77BB49B06B5F46A684DC87F3 /* TextRequestSerializer.h */,
				64229131FCEF47D99DACF8E2 /* AFHTTPSessionManager.h */,
				EFF28488426748AFB8F67CBF /* AFNetworking.h */,
				D27FE13CB1CA49F79E124B0B /* AFNetworkReachabilityManager.h */,
				F249EEEC1CCB427C89C73910 /* AFSecurityPolicy.h */,
				AD7D50AA2459474B96C71CC8 /* AFURLRequestSerialization.h */,
				346BEA2B304F4A6A92173893 /* AFURLResponseSerialization.h */,
				7A63D5EABE724ED594B2F676 /* AFURLSessionManager.h */,
				9D723FFA76B141CA90D2D947 /* SDNetworkActivityIndicator.h */,
				7AD858C3553D41B1880E381F /* UIImage+CropScaleOrientation.m */,
				46C73F29D32E4B599454F594 /* CDVCamera.m */,
				B761A333191E40C486B56617 /* CDVJpegHeaderWriter.m */,
				5BFBB843DBAA465DB92CE99F /* UIImage+CropScaleOrientation.h */,
				62EECB17C18E4457BA17D074 /* CDVCamera.h */,
				40ED0D4CFC774B0291125614 /* CDVJpegHeaderWriter.h */,
				1FC32440F6D3435D9A49B362 /* CDVExif.h */,
				206260A8EA5F48B682866E53 /* sqlDB.h */,
				4AF0330413F74E01B3BC6300 /* sqlDB.m */,
				BE1F0E82412D44A4A28D841C /* CDVDevice.m */,
				2F736BB736A44556B3B9EB1E /* CDVDevice.h */,
				378C2CF573F940D7ACEBD2EE /* APPEmailComposer.m */,
				A9DB5294535E448885002594 /* APPEmailComposerImpl.m */,
				2C96C69130C54615A39A4D77 /* APPEmailComposer.h */,
				37BB2FC9D2284DECBC8D3907 /* APPEmailComposerImpl.h */,
				2D3982CBAD7D4117982CAE69 /* FileOpener2.m */,
				B1662D57B1C9458A89E5399F /* FileOpener2.h */,
				330C99A5DF544351A1EF4A80 /* CDVFileTransfer.m */,
				20D96E83870347F89494335D /* CDVFileTransfer.h */,
				3F91C788DB5D4B69A8DE2211 /* CDVLocation.m */,
				A53E9FCF0FCD4221B927E049 /* CDVLocation.h */,
				64DE09C8F8754B06A6306183 /* CDVInAppBrowser.m */,
				E6AA5FA3AE42492CB395381E /* CDVInAppBrowser.h */,
				87A6E649A8DA4C4ABD9686CD /* CDVSplashScreen.m */,
				8B29F01601C54C6B9EB7B809 /* CDVViewController+SplashScreen.m */,
				A83168BC91814E50ADD8AFAC /* CDVSplashScreen.h */,
				0A995756EF4C4FCAA442013E /* CDVViewController+SplashScreen.h */,
				3730401A36114345AF7982CE /* CDVWKWebViewEngine.m */,
				DFFF407FD9E74CF590071073 /* CDVWKWebViewUIDelegate.m */,
				49A1CDB05D0A40D795914A68 /* CDVWKProcessPoolFactory.m */,
				618666C090934FB3B3658EB2 /* IONAssetHandler.m */,
				D18B2238B1F34EB19E04EEC8 /* CDVWKWebViewEngine.h */,
				849C82339CC34DD6AEDD95BA /* CDVWKWebViewUIDelegate.h */,
				3A782FAADCC5457E8BDD4DBE /* CDVWKProcessPoolFactory.h */,
				536F5A5CD2164D22B5977FBB /* IONAssetHandler.h */,
				24CC42FF9FA44A3894BBEC09 /* CDVSplashScreen+IonicCordovaCommon.m */,
				AB48E038386F4CE490AB7F41 /* IonicCordovaCommon.m */,
				3191F250F41443599A92EEEF /* CDVSplashScreen+IonicCordovaCommon.h */,
				1E6D22DA46B24F7DB3245250 /* IonicCordovaCommon.h */,
				27ACF609AE4A419FB5C88672 /* CDVIonicKeyboard.m */,
				5AC7DE5464674F51AFCA450D /* CDVIonicKeyboard.h */,
				5D75FCD7E2464C23B45CD90C /* CDVKeyboard.m */,
				DA6AEC40CD944E428E2E0619 /* CDVKeyboard.h */,
				97BC36343EA24D8CAB463D60 /* CDVSpinnerDialog.m */,
				8E98C44F67A0469DB7AB177D /* CDVSpinnerDialog.h */,
				B5B8C5C7D2184B3C8CCA9F31 /* SafariViewController.m */,
				3839ACDE58014697B1C124C1 /* SafariViewController.h */,
				37910CAFEDE944349AB34D53 /* CDVStatusBar.m */,
				A57E64380139489AB9B6CBC0 /* CDVStatusBar.h */,
				F581B3146B2F4D22BEF57CE0 /* Toast+UIView.m */,
				D9F1BBEFFE03426290B8FEC4 /* Toast.m */,
				C9A4BDF1F7F5453280F53C3B /* Toast+UIView.h */,
				A7FC6C07643742ACAA4C4882 /* Toast.h */,
				D603BD46CC6B40509B9376C1 /* APPPrinter.m */,
				3A0213F57BE4423F86A9AF1C /* APPPrinter.h */,
			);
			name = Plugins;
			path = "CONVERGENCE/Plugins";
			sourceTree = SOURCE_ROOT;
		};
		EB87FDF11871DA420020F90C /* Staging */ = {
			isa = PBXGroup;
			children = (
				F840E1F0165FE0F500CFE078 /* config.xml */,
				301BF56E109A69640062928A /* www */,
			);
			name = Staging;
			sourceTree = "<group>";
		};
/* End PBXGroup section */

/* Begin PBXNativeTarget section */
		1D6058900D05DD3D006BFB54 /* CONVERGENCE */ = {
			isa = PBXNativeTarget;
			buildConfigurationList = 1D6058960D05DD3E006BFB54 /* Build configuration list for PBXNativeTarget "CONVERGENCE" */;
			buildPhases = (
				304B58A110DAC018002A0835 /* Copy www directory */,
				1D60588D0D05DD3D006BFB54 /* Resources */,
				1D60588E0D05DD3D006BFB54 /* Sources */,
				1D60588F0D05DD3D006BFB54 /* Frameworks */,
			);
			buildRules = (
			);
			dependencies = (
				301BF551109A68C00062928A /* PBXTargetDependency */,
			);
			name = "CONVERGENCE";
			productName = "CONVERGENCE";
			productReference = 1D6058910D05DD3D006BFB54 /* CONVERGENCE.app */;
			productType = "com.apple.product-type.application";
		};
/* End PBXNativeTarget section */

/* Begin PBXProject section */
		29B97313FDCFA39411CA2CEA /* Project object */ = {
			isa = PBXProject;
			attributes = {
				LastUpgradeCheck = 510;
				TargetAttributes = {
					1D6058900D05DD3D006BFB54 = {
						ProvisioningStyle = Automatic;
					};
				};
			};
			buildConfigurationList = C01FCF4E08A954540054247B /* Build configuration list for PBXProject "CONVERGENCE" */;
			compatibilityVersion = "Xcode 3.2";
			developmentRegion = English;
			hasScannedForEncodings = 1;
			mainGroup = 29B97314FDCFA39411CA2CEA /* CustomTemplate */;
			projectDirPath = "";
			projectReferences = (
				{
					ProductGroup = 301BF52E109A57CC0062928A /* Products */;
					ProjectRef = 301BF52D109A57CC0062928A /* CordovaLib.xcodeproj */;
				},
			);
			projectRoot = "";
			targets = (
				1D6058900D05DD3D006BFB54 /* CONVERGENCE */,
			);
		};
/* End PBXProject section */

/* Begin PBXReferenceProxy section */
		301BF535109A57CC0062928A /* libCordova.a */ = {
			isa = PBXReferenceProxy;
			fileType = archive.ar;
			path = libCordova.a;
			remoteRef = 301BF534109A57CC0062928A /* PBXContainerItemProxy */;
			sourceTree = BUILT_PRODUCTS_DIR;
		};
		907D8124214C687600058A10 /* Cordova.framework */ = {
			isa = PBXReferenceProxy;
			fileType = wrapper.framework;
			path = Cordova.framework;
			remoteRef = 907D8123214C687600058A10 /* PBXContainerItemProxy */;
			sourceTree = BUILT_PRODUCTS_DIR;
		};
/* End PBXReferenceProxy section */

/* Begin PBXResourcesBuildPhase section */
		1D60588D0D05DD3D006BFB54 /* Resources */ = {
			isa = PBXResourcesBuildPhase;
			buildActionMask = 2147483647;
			files = (
				302D95F214D2391D003F00A1 /* MainViewController.xib in Resources */,
				0207DA581B56EA530066E2B4 /* Images.xcassets in Resources */,
				6AFF5BF91D6E424B00AB3073 /* CDVLaunchScreen.storyboard in Resources */,
			);
			runOnlyForDeploymentPostprocessing = 0;
		};
/* End PBXResourcesBuildPhase section */

/* Begin PBXShellScriptBuildPhase section */
		304B58A110DAC018002A0835 /* Copy www directory */ = {
			isa = PBXShellScriptBuildPhase;
			buildActionMask = 2147483647;
			files = (
			);
			inputPaths = (
			);
			name = "Copy www directory";
			outputPaths = (
			);
			runOnlyForDeploymentPostprocessing = 0;
			shellPath = /bin/sh;
			shellScript = "\"$SRCROOT/CONVERGENCE/Scripts/copy-www-build-step.sh\"";
			showEnvVarsInLog = 0;
		};
/* End PBXShellScriptBuildPhase section */

/* Begin PBXSourcesBuildPhase section */
		1D60588E0D05DD3D006BFB54 /* Sources */ = {
			isa = PBXSourcesBuildPhase;
			buildActionMask = 2147483647;
			files = (
				1D60589B0D05DD56006BFB54 /* main.m in Sources */,
				1D3623260D0F684500981E51 /* AppDelegate.m in Sources */,
				302D95F114D2391D003F00A1 /* MainViewController.m in Sources */,
				8F7FCBBE36B94ED8A2F0219E /* CDVFile.m in Sources */,
				9D2E8F1E86114D5F8BF649CF /* CDVLocalFilesystem.m in Sources */,
				C53B6FE3D1954405A9ED2293 /* CDVAssetLibraryFilesystem.m in Sources */,
				F3CBF4C9FF144EA59F0A2BD9 /* CordovaHttpPlugin.m in Sources */,
				20FDCA352ECD438FB7FD6E51 /* TextResponseSerializer.m in Sources */,
				849F8A79859C41D49F82B5FB /* TextRequestSerializer.m in Sources */,
				D9FE5612CBC04198A2EAC65C /* AFHTTPSessionManager.m in Sources */,
				676E8CA3BB14451BB5810FA9 /* AFNetworkReachabilityManager.m in Sources */,
				22C5F1FE69B24B6EB94C307B /* AFSecurityPolicy.m in Sources */,
				D0B5E2754DBB4F9CA9F453ED /* AFURLRequestSerialization.m in Sources */,
				1EC387AEB70A4CF3B64E729E /* AFURLResponseSerialization.m in Sources */,
				04C7F8BC115E4FA0A23A8566 /* AFURLSessionManager.m in Sources */,
				0C032CE2A17C44B5BDFFEE48 /* SDNetworkActivityIndicator.m in Sources */,
				B74D13051F2A4973B9C52D0C /* UIImage+CropScaleOrientation.m in Sources */,
				BB586E5186044631B3A74D24 /* CDVCamera.m in Sources */,
				199B5A72AAE7461E9B08B5C2 /* CDVJpegHeaderWriter.m in Sources */,
				E87203EB27854F3B8D6E756E /* sqlDB.h in Resources */,
				AE477A0FD187459D8EECCB77 /* sqlDB.m in Sources */,
				A40C3CA2FEC346EC8B4B2439 /* CDVDevice.m in Sources */,
				93278CFBD64E4002971D8B8A /* APPEmailComposer.m in Sources */,
				98201B35E6044958A886D47A /* APPEmailComposerImpl.m in Sources */,
				F66DD9099E96475CBEF18374 /* FileOpener2.m in Sources */,
				747CCFD5B5CB4A4A92FF3D40 /* CDVFileTransfer.m in Sources */,
				A0CF3A7E7F4840F6B58C0F1D /* CDVLocation.m in Sources */,
				613C193E92D9458C9471A132 /* CDVInAppBrowser.m in Sources */,
				6CD5FA008432427FA2104F0E /* CDVSplashScreen.m in Sources */,
				A705892846394D8CAA88A160 /* CDVViewController+SplashScreen.m in Sources */,
				00D6BDCB641E450BBEFD20FA /* CDVWKWebViewEngine.m in Sources */,
				F5DB07B35ED54F4996236326 /* CDVWKWebViewUIDelegate.m in Sources */,
				F826C36ECFFE404A8B46144F /* CDVWKProcessPoolFactory.m in Sources */,
				B9612631E8384755A4310052 /* IONAssetHandler.m in Sources */,
				59BDC48574FB43C3A17704C8 /* CDVSplashScreen+IonicCordovaCommon.m in Sources */,
				014530622CF844B2B23FD8B2 /* IonicCordovaCommon.m in Sources */,
				C70C6FA0BAD14120AE042F50 /* CDVIonicKeyboard.m in Sources */,
				872012D698D54B959466569F /* CDVKeyboard.m in Sources */,
				BB3635898AC9436E8708D35D /* CDVSpinnerDialog.m in Sources */,
				18727EEC474E4815A126917F /* SafariViewController.m in Sources */,
				6AB29ED4A93C4C85B7BB4C6F /* CDVStatusBar.m in Sources */,
				DC2749F1BD7E46FBAD546284 /* Toast+UIView.m in Sources */,
				2EDEC57DAE0B4A5FB03632B1 /* Toast.m in Sources */,
				81376CD407594B58B91FEF8E /* APPPrinter.m in Sources */,
			);
			runOnlyForDeploymentPostprocessing = 0;
		};
/* End PBXSourcesBuildPhase section */

/* Begin PBXTargetDependency section */
		301BF551109A68C00062928A /* PBXTargetDependency */ = {
			isa = PBXTargetDependency;
			name = CordovaLib;
			targetProxy = 301BF550109A68C00062928A /* PBXContainerItemProxy */;
		};
/* End PBXTargetDependency section */

/* Begin XCBuildConfiguration section */
		1D6058940D05DD3E006BFB54 /* Debug */ = {
			isa = XCBuildConfiguration;
			baseConfigurationReference = 3047A50F1AB8059700498E2A /* build-debug.xcconfig */;
			buildSettings = {
				ALWAYS_SEARCH_USER_PATHS = NO;
				ASSETCATALOG_COMPILER_APPICON_NAME = AppIcon;
				ASSETCATALOG_COMPILER_LAUNCHIMAGE_NAME = LaunchImage;
				CLANG_ENABLE_MODULES = YES;
				CLANG_ENABLE_OBJC_ARC = YES;
				COPY_PHASE_STRIP = NO;
				GCC_DYNAMIC_NO_PIC = NO;
				GCC_OPTIMIZATION_LEVEL = 0;
				GCC_PRECOMPILE_PREFIX_HEADER = YES;
				GCC_PREFIX_HEADER = "CONVERGENCE/CONVERGENCE-Prefix.pch";
				GCC_THUMB_SUPPORT = NO;
				GCC_VERSION = "";
				INFOPLIST_FILE = "CONVERGENCE/CONVERGENCE-Info.plist";
				IPHONEOS_DEPLOYMENT_TARGET = 11.0;
				LD_RUNPATH_SEARCH_PATHS = "@executable_path/Frameworks";
				PRODUCT_BUNDLE_IDENTIFIER = com.convergenceus.planner.demo;
				PRODUCT_NAME = "$(TARGET_NAME)";
				TARGETED_DEVICE_FAMILY = "1,2";
			};
			name = Debug;
		};
		1D6058950D05DD3E006BFB54 /* Release */ = {
			isa = XCBuildConfiguration;
			baseConfigurationReference = 3047A5101AB8059700498E2A /* build-release.xcconfig */;
			buildSettings = {
				ALWAYS_SEARCH_USER_PATHS = NO;
				ASSETCATALOG_COMPILER_APPICON_NAME = AppIcon;
				ASSETCATALOG_COMPILER_LAUNCHIMAGE_NAME = LaunchImage;
				CLANG_ENABLE_MODULES = YES;
				CLANG_ENABLE_OBJC_ARC = YES;
				COPY_PHASE_STRIP = YES;
				GCC_PRECOMPILE_PREFIX_HEADER = YES;
				GCC_PREFIX_HEADER = "CONVERGENCE/CONVERGENCE-Prefix.pch";
				GCC_THUMB_SUPPORT = NO;
				GCC_VERSION = "";
				INFOPLIST_FILE = "CONVERGENCE/CONVERGENCE-Info.plist";
				IPHONEOS_DEPLOYMENT_TARGET = 11.0;
				LD_RUNPATH_SEARCH_PATHS = "@executable_path/Frameworks";
				PRODUCT_BUNDLE_IDENTIFIER = com.convergenceus.planner.demo;
				PRODUCT_NAME = "$(TARGET_NAME)";
				TARGETED_DEVICE_FAMILY = "1,2";
			};
			name = Release;
		};
		C01FCF4F08A954540054247B /* Debug */ = {
			isa = XCBuildConfiguration;
			baseConfigurationReference = 3047A5111AB8059700498E2A /* build.xcconfig */;
			buildSettings = {
				CLANG_ENABLE_MODULES = YES;
				CLANG_ENABLE_OBJC_ARC = YES;
				CLANG_WARN_BLOCK_CAPTURE_AUTORELEASING = YES;
				CLANG_WARN_BOOL_CONVERSION = YES;
				CLANG_WARN_COMMA = YES;
				CLANG_WARN_CONSTANT_CONVERSION = YES;
				CLANG_WARN_DEPRECATED_OBJC_IMPLEMENTATIONS = YES;
				CLANG_WARN_EMPTY_BODY = YES;
				CLANG_WARN_ENUM_CONVERSION = YES;
				CLANG_WARN_INFINITE_RECURSION = YES;
				CLANG_WARN_INT_CONVERSION = YES;
				CLANG_WARN_NON_LITERAL_NULL_CONVERSION = YES;
				CLANG_WARN_OBJC_IMPLICIT_RETAIN_SELF = YES;
				CLANG_WARN_OBJC_LITERAL_CONVERSION = YES;
				CLANG_WARN_RANGE_LOOP_ANALYSIS = YES;
				CLANG_WARN_STRICT_PROTOTYPES = YES;
				CLANG_WARN_SUSPICIOUS_MOVE = YES;
				CLANG_WARN_UNREACHABLE_CODE = YES;
				CLANG_WARN__DUPLICATE_METHOD_MATCH = YES;
				ENABLE_STRICT_OBJC_MSGSEND = YES;
				ENABLE_TESTABILITY = YES;
				GCC_C_LANGUAGE_STANDARD = c99;
				GCC_NO_COMMON_BLOCKS = YES;
				GCC_THUMB_SUPPORT = NO;
				GCC_VERSION = "";
				GCC_WARN_64_TO_32_BIT_CONVERSION = YES;
				GCC_WARN_ABOUT_RETURN_TYPE = YES;
				GCC_WARN_UNDECLARED_SELECTOR = YES;
				GCC_WARN_UNINITIALIZED_AUTOS = YES;
				GCC_WARN_UNUSED_FUNCTION = YES;
				GCC_WARN_UNUSED_VARIABLE = YES;
				ONLY_ACTIVE_ARCH = YES;
				SDKROOT = iphoneos;
				SKIP_INSTALL = NO;
				PRODUCT_BUNDLE_IDENTIFIER = com.convergenceus.planner.demo;
				IPHONEOS_DEPLOYMENT_TARGET = 11.0;
			};
			name = Debug;
		};
		C01FCF5008A954540054247B /* Release */ = {
			isa = XCBuildConfiguration;
			baseConfigurationReference = 3047A5111AB8059700498E2A /* build.xcconfig */;
			buildSettings = {
				CLANG_ENABLE_MODULES = YES;
				CLANG_ENABLE_OBJC_ARC = YES;
				CLANG_WARN_BLOCK_CAPTURE_AUTORELEASING = YES;
				CLANG_WARN_BOOL_CONVERSION = YES;
				CLANG_WARN_COMMA = YES;
				CLANG_WARN_CONSTANT_CONVERSION = YES;
				CLANG_WARN_DEPRECATED_OBJC_IMPLEMENTATIONS = YES;
				CLANG_WARN_EMPTY_BODY = YES;
				CLANG_WARN_ENUM_CONVERSION = YES;
				CLANG_WARN_INFINITE_RECURSION = YES;
				CLANG_WARN_INT_CONVERSION = YES;
				CLANG_WARN_NON_LITERAL_NULL_CONVERSION = YES;
				CLANG_WARN_OBJC_IMPLICIT_RETAIN_SELF = YES;
				CLANG_WARN_OBJC_LITERAL_CONVERSION = YES;
				CLANG_WARN_RANGE_LOOP_ANALYSIS = YES;
				CLANG_WARN_STRICT_PROTOTYPES = YES;
				CLANG_WARN_SUSPICIOUS_MOVE = YES;
				CLANG_WARN_UNREACHABLE_CODE = YES;
				CLANG_WARN__DUPLICATE_METHOD_MATCH = YES;
				ENABLE_STRICT_OBJC_MSGSEND = YES;
				GCC_C_LANGUAGE_STANDARD = c99;
				GCC_NO_COMMON_BLOCKS = YES;
				GCC_THUMB_SUPPORT = NO;
				GCC_VERSION = "";
				GCC_WARN_64_TO_32_BIT_CONVERSION = YES;
				GCC_WARN_ABOUT_RETURN_TYPE = YES;
				GCC_WARN_UNDECLARED_SELECTOR = YES;
				GCC_WARN_UNINITIALIZED_AUTOS = YES;
				GCC_WARN_UNUSED_FUNCTION = YES;
				GCC_WARN_UNUSED_VARIABLE = YES;
				SDKROOT = iphoneos;
				SKIP_INSTALL = NO;
				PRODUCT_BUNDLE_IDENTIFIER = com.convergenceus.planner.demo;
				IPHONEOS_DEPLOYMENT_TARGET = 11.0;
			};
			name = Release;
		};
/* End XCBuildConfiguration section */

/* Begin XCConfigurationList section */
		1D6058960D05DD3E006BFB54 /* Build configuration list for PBXNativeTarget "CONVERGENCE" */ = {
			isa = XCConfigurationList;
			buildConfigurations = (
				1D6058940D05DD3E006BFB54 /* Debug */,
				1D6058950D05DD3E006BFB54 /* Release */,
			);
			defaultConfigurationIsVisible = 0;
			defaultConfigurationName = Release;
		};
		C01FCF4E08A954540054247B /* Build configuration list for PBXProject "CONVERGENCE" */ = {
			isa = XCConfigurationList;
			buildConfigurations = (
				C01FCF4F08A954540054247B /* Debug */,
				C01FCF5008A954540054247B /* Release */,
			);
			defaultConfigurationIsVisible = 0;
			defaultConfigurationName = Release;
		};
/* End XCConfigurationList section */
	};
	rootObject = 29B97313FDCFA39411CA2CEA /* Project object */;
}
