// !$*UTF8*$!
{
	archiveVersion = 1;
	classes = {
	};
	objectVersion = 46;
	objects = {
/* Begin PBXBuildFile section */
		0118392B52694A65840F8928 /* AFHTTPSessionManager.m in Sources */ = {isa = PBXBuildFile; fileRef = 1804A395CC6A465E93436711 /* AFHTTPSessionManager.m */; };
		0207DA581B56EA530066E2B4 /* Images.xcassets in Resources */ = {isa = PBXBuildFile; fileRef = 0207DA571B56EA530066E2B4 /* Images.xcassets */; };
		045249F5362A47639CF4C090 /* CDVFileTransfer.m in Sources */ = {isa = PBXBuildFile; fileRef = 87BA76821B544DD0A595FAA9 /* CDVFileTransfer.m */; };
		06CCC331A83B4F4798BE7D46 /* FileOpener2.m in Sources */ = {isa = PBXBuildFile; fileRef = D6C65DEB643A4E6085C05674 /* FileOpener2.m */; };
		089938AB461B4B5C8FC4BD30 /* APPPrinter.m in Sources */ = {isa = PBXBuildFile; fileRef = CBC059762909401898310B36 /* APPPrinter.m */; };
		08EB50FA95DB40FDBF6E5837 /* sqlite3_regexp.c in Sources */ = {isa = PBXBuildFile; fileRef = 2BBB3064E1014864B2FFC365 /* sqlite3_regexp.c */; };
		0B01E6EA34024550B6561AD0 /* APPEmailComposerImpl.m in Sources */ = {isa = PBXBuildFile; fileRef = 387AEE766EED41BFBBC1994D /* APPEmailComposerImpl.m */; };
		0DE91CCDD0364500A12633FA /* CDVSplashScreen+IonicCordovaCommon.m in Sources */ = {isa = PBXBuildFile; fileRef = EB9B6B0E857444F19F940440 /* CDVSplashScreen+IonicCordovaCommon.m */; };
		1932740E69F044CAA1CE56AD /* CDVIonicKeyboard.m in Sources */ = {isa = PBXBuildFile; fileRef = 48CF1AD516294CDBA6E6F386 /* CDVIonicKeyboard.m */; };
		1D3623260D0F684500981E51 /* AppDelegate.m in Sources */ = {isa = PBXBuildFile; fileRef = 1D3623250D0F684500981E51 /* AppDelegate.m */; };
		1D60589B0D05DD56006BFB54 /* main.m in Sources */ = {isa = PBXBuildFile; fileRef = 29B97316FDCFA39411CA2CEA /* main.m */; };
		22DA606C3853445C8C9E5554 /* SDNetworkActivityIndicator.m in Sources */ = {isa = PBXBuildFile; fileRef = AFC4837B55B143B2ACF53A5A /* SDNetworkActivityIndicator.m */; };
		27B2EE19461F4BD6BC890355 /* CDVInAppBrowser.m in Sources */ = {isa = PBXBuildFile; fileRef = D9C2F8D4648E49449097CD25 /* CDVInAppBrowser.m */; };
		290EE7AE4CF6412EB6E65C0A /* IONAssetHandler.m in Sources */ = {isa = PBXBuildFile; fileRef = 1E78741431934423BA447D17 /* IONAssetHandler.m */; };
		2C6F341D189D4EF8BE77CCA0 /* CDVSpinnerDialog.m in Sources */ = {isa = PBXBuildFile; fileRef = 32A52D981625421EA922D8F7 /* CDVSpinnerDialog.m */; };
		301BF552109A68D80062928A /* libCordova.a in Frameworks */ = {isa = PBXBuildFile; fileRef = 301BF535109A57CC0062928A /* libCordova.a */; settings = {ATTRIBUTES = (Required, ); }; };
		302D95F114D2391D003F00A1 /* MainViewController.m in Sources */ = {isa = PBXBuildFile; fileRef = 302D95EF14D2391D003F00A1 /* MainViewController.m */; };
		302D95F214D2391D003F00A1 /* MainViewController.xib in Resources */ = {isa = PBXBuildFile; fileRef = 302D95F014D2391D003F00A1 /* MainViewController.xib */; };
		366639D4FFC64C96BDC21E03 /* CDVKeyboard.m in Sources */ = {isa = PBXBuildFile; fileRef = 141A9C26310F417A9015607F /* CDVKeyboard.m */; };
		39F45B42A3D84A8BB421FF3C /* CDVSplashScreen.m in Sources */ = {isa = PBXBuildFile; fileRef = 01BD0D4369E04D5B9935D8C1 /* CDVSplashScreen.m */; };
		3E811FCE9CB64A998BEE2ABE /* cencode.c in Sources */ = {isa = PBXBuildFile; fileRef = 2AAFD135D2384FED8DBA520E /* cencode.c */; };
		4172494947A449DF87C5958D /* SQLitePlugin.m in Sources */ = {isa = PBXBuildFile; fileRef = DF41578FE23041BFA549AD7E /* SQLitePlugin.m */; };
		4AB2865EB0204B229DE87C4D /* TextRequestSerializer.m in Sources */ = {isa = PBXBuildFile; fileRef = 7FFF6DBBBF984469BD770024 /* TextRequestSerializer.m */; };
		4F04F7311AF24DF080398218 /* AFURLResponseSerialization.m in Sources */ = {isa = PBXBuildFile; fileRef = 5871932EB05D45D3A8E4E6B3 /* AFURLResponseSerialization.m */; };
		5711F9017BEA4AF9B7466417 /* CDVFile.m in Sources */ = {isa = PBXBuildFile; fileRef = C5E2EB79D7B047C0813A9300 /* CDVFile.m */; };
		5FBB28F4B4FE4EE7B3504E02 /* Toast.m in Sources */ = {isa = PBXBuildFile; fileRef = FF2B55C0C66E4F0FBB15C28D /* Toast.m */; };
		64A944CFE484433AB5043B2F /* AFSecurityPolicy.m in Sources */ = {isa = PBXBuildFile; fileRef = 1D7BB48576074AE69D8B8F0E /* AFSecurityPolicy.m */; };
		6814F630912C47A7BF66F21C /* CDVAssetLibraryFilesystem.m in Sources */ = {isa = PBXBuildFile; fileRef = 75044D10FEFF4145951044B3 /* CDVAssetLibraryFilesystem.m */; };
		6AFF5BF91D6E424B00AB3073 /* CDVLaunchScreen.storyboard in Resources */ = {isa = PBXBuildFile; fileRef = 6AFF5BF81D6E424B00AB3073 /* CDVLaunchScreen.storyboard */; };
		818C145750B947FBAD234BF5 /* SystemConfiguration.framework in Frameworks */ = {isa = PBXBuildFile; fileRef = 96D898A1ED2442519CD5750B /* SystemConfiguration.framework */; };
		82E68B50E9964AE69D869266 /* sqlite3_base64.c in Sources */ = {isa = PBXBuildFile; fileRef = 92B51A13AAEA4F51BA142ACD /* sqlite3_base64.c */; };
		82FD491824054DB7917433E5 /* CDVWKWebViewEngine.m in Sources */ = {isa = PBXBuildFile; fileRef = B83DE0FF437A486289D277A0 /* CDVWKWebViewEngine.m */; };
		860D45BEB0A14F3FBC023F2D /* UIImage+CropScaleOrientation.m in Sources */ = {isa = PBXBuildFile; fileRef = 022932C0F0874289B809F88B /* UIImage+CropScaleOrientation.m */; };
		90D78CCF35334F00B1EFB558 /* QuartzCore.framework in Frameworks */ = {isa = PBXBuildFile; fileRef = 0AA9EC40AB824EE2874DB75D /* QuartzCore.framework */; };
		96A420B205854B5D841B2CE9 /* AFNetworkReachabilityManager.m in Sources */ = {isa = PBXBuildFile; fileRef = 68DFFC52443D4216B445999F /* AFNetworkReachabilityManager.m */; };
		976610D7AB0540FA9BDB817D /* CDVViewController+SplashScreen.m in Sources */ = {isa = PBXBuildFile; fileRef = 9FD067F5F95247F285C6BED2 /* CDVViewController+SplashScreen.m */; };
		9A03F5DE98EB4F29AC437644 /* OneSignalPush.m in Sources */ = {isa = PBXBuildFile; fileRef = 136081E3B792454B8284979E /* OneSignalPush.m */; };
		9B9BA0D1DC6340A3A3F80DCD /* libz.tbd in Frameworks */ = {isa = PBXBuildFile; fileRef = 29C770B491FA49B282259126 /* libz.tbd */; };
		9BC4860FED59431DAE95E704 /* CoreLocation.framework in Frameworks */ = {isa = PBXBuildFile; fileRef = D2F01CDFC4004B93996D7D17 /* CoreLocation.framework */; };
		9D67C16BE6A840EFB79CA2D5 /* MessageUI.framework in Frameworks */ = {isa = PBXBuildFile; fileRef = E5B63FB5AC4F4599958F654D /* MessageUI.framework */; };
		9DF1B0C104DB4DF596892CA8 /* Toast+UIView.m in Sources */ = {isa = PBXBuildFile; fileRef = 5A8712E359984FEF8019BCDE /* Toast+UIView.m */; };
		A06FF97AC477440F8E5BA25E /* CDVJpegHeaderWriter.m in Sources */ = {isa = PBXBuildFile; fileRef = 876DE83257D245768214271A /* CDVJpegHeaderWriter.m */; };
		A1BA20E2DD114DA79B657B10 /* AFURLSessionManager.m in Sources */ = {isa = PBXBuildFile; fileRef = B6C51D30ABEC479BBA30DCD5 /* AFURLSessionManager.m */; };
		A28FECC015D143D68F0C8055 /* sqlDB.h in Sources */ = {isa = PBXBuildFile; fileRef = 35E743C725E74A65998D6036 /* sqlDB.h */; };
		A7176E5EFCE544AA845C446E /* IonicCordovaCommon.m in Sources */ = {isa = PBXBuildFile; fileRef = 59599A8B96E347EA8C869E60 /* IonicCordovaCommon.m */; };
		B67B0BA46DA44E4CA9A7BF71 /* CDVWKProcessPoolFactory.m in Sources */ = {isa = PBXBuildFile; fileRef = 78FBB60E475F429A9911990A /* CDVWKProcessPoolFactory.m */; };
		B8067D5C68AE42C98E4B8C72 /* CDVStatusBar.m in Sources */ = {isa = PBXBuildFile; fileRef = 83C5FE7E0BBE449A8BB6BC4A /* CDVStatusBar.m */; };
		BFE353A9019E4B15B9934455 /* CDVLocation.m in Sources */ = {isa = PBXBuildFile; fileRef = 45EF75EFCC4949B38A28BFA7 /* CDVLocation.m */; };
		C0F92251D4774800BF257BAE /* CDVLocalFilesystem.m in Sources */ = {isa = PBXBuildFile; fileRef = 5F0B3374057C42DFB88FD412 /* CDVLocalFilesystem.m */; };
		C63433C571144749B7D07943 /* TextResponseSerializer.m in Sources */ = {isa = PBXBuildFile; fileRef = CDC1A01AD46545BDBD468F2F /* TextResponseSerializer.m */; };
		C6382E26971ED9CB824D9A70 /* libPods-CONVERGENCE.a in Frameworks */ = {isa = PBXBuildFile; fileRef = 115BD4837FA856DE8C3EEA03 /* libPods-CONVERGENCE.a */; };
		CA6F2B881BEA4E5B985CF994 /* ImageIO.framework in Frameworks */ = {isa = PBXBuildFile; fileRef = C9EF893BDF754D8F8A5E8771 /* ImageIO.framework */; settings = {ATTRIBUTES = (Weak, ); }; };
		CF8352A158E74F038ECBEA4A /* SafariServices.framework in Frameworks */ = {isa = PBXBuildFile; fileRef = C95C63EE6444446294EA423E /* SafariServices.framework */; settings = {ATTRIBUTES = (Weak, ); }; };
		D4876D18B29F436DBF7E497D /* CDVWKWebViewUIDelegate.m in Sources */ = {isa = PBXBuildFile; fileRef = 2D8CA32855084726AF599DD4 /* CDVWKWebViewUIDelegate.m */; };
		DA4AE53A8F3A478F86BD315F /* sqlDB.m in Sources */ = {isa = PBXBuildFile; fileRef = DFFFD4FC223A4A38B7B2F2D8 /* sqlDB.m */; };
		DB63EE7FEF704EFFA392740A /* sqlite3.c in Sources */ = {isa = PBXBuildFile; fileRef = 6FB6B0AF457A4DC2B0133FEF /* sqlite3.c */; settings = {COMPILER_FLAGS = "-w -DSQLITE_THREADSAFE=1 -DSQLITE_DEFAULT_SYNCHRONOUS=3 -DSQLITE_DEFAULT_MEMSTATUS=0 -DSQLITE_OMIT_DECLTYPE -DSQLITE_OMIT_DEPRECATED -DSQLITE_OMIT_PROGRESS_CALLBACK -DSQLITE_OMIT_SHARED_CACHE -DSQLITE_TEMP_STORE=2 -DSQLITE_OMIT_LOAD_EXTENSION -DSQLITE_ENABLE_FTS3 -DSQLITE_ENABLE_FTS3_PARENTHESIS -DSQLITE_ENABLE_FTS4 -DSQLITE_ENABLE_FTS5 -DSQLITE_ENABLE_RTREE -DSQLITE_ENABLE_JSON1 -DSQLITE_DEFAULT_PAGE_SIZE=1024 -DSQLITE_DEFAULT_CACHE_SIZE=2000"; }; };
		DE1F78E0EA064E7296109687 /* APPEmailComposer.m in Sources */ = {isa = PBXBuildFile; fileRef = 3BA45CD07E554167B812FF0D /* APPEmailComposer.m */; };
		E867BDD2432744DF9D2F88BC /* Security.framework in Frameworks */ = {isa = PBXBuildFile; fileRef = 518C9D9BDE184754AD389F8F /* Security.framework */; };
		EA77112C57B94F0BB889BF88 /* CordovaHttpPlugin.m in Sources */ = {isa = PBXBuildFile; fileRef = C466C9B7801A4FE3AC5C40FD /* CordovaHttpPlugin.m */; };
		EE9E955D3AC44EC8BF023E54 /* AVFoundation.framework in Frameworks */ = {isa = PBXBuildFile; fileRef = 331B254650B948429AD47D3E /* AVFoundation.framework */; };
		F15AA9F43057445D93B97CF8 /* AFURLRequestSerialization.m in Sources */ = {isa = PBXBuildFile; fileRef = 36CA254AB7C24E65BF2119BA /* AFURLRequestSerialization.m */; };
		F1CD1C2BAEB4469A8A4C33B8 /* SafariViewController.m in Sources */ = {isa = PBXBuildFile; fileRef = DEFB1D85A6304F01A9649CF8 /* SafariViewController.m */; };
		F1E9932705F64DA994528738 /* CDVDevice.m in Sources */ = {isa = PBXBuildFile; fileRef = 823E2BB80A0940298F26A063 /* CDVDevice.m */; };
		F2D7A6A34C8F4185A092E1E7 /* PSPDFThreadSafeMutableDictionary.m in Sources */ = {isa = PBXBuildFile; fileRef = 2962982A9BB2464887309FD2 /* PSPDFThreadSafeMutableDictionary.m */; settings = {COMPILER_FLAGS = "-w"; }; };
		FD43F02B48DC43A68229F453 /* WebKit.framework in Frameworks */ = {isa = PBXBuildFile; fileRef = 925B44CFD857492DB1F7DF40 /* WebKit.framework */; settings = {ATTRIBUTES = (Weak, ); }; };
		FEAF4242D73948B196B470DF /* CDVCamera.m in Sources */ = {isa = PBXBuildFile; fileRef = FA76C41B144647DBBDBD9A76 /* CDVCamera.m */; };
/* End PBXBuildFile section */

/* Begin PBXContainerItemProxy section */
		301BF534109A57CC0062928A /* PBXContainerItemProxy */ = {
			isa = PBXContainerItemProxy;
			containerPortal = 301BF52D109A57CC0062928A /* CordovaLib/CordovaLib.xcodeproj */;
			proxyType = 2;
			remoteGlobalIDString = D2AAC07E0554694100DB518D;
			remoteInfo = CordovaLib;
		};
		301BF550109A68C00062928A /* PBXContainerItemProxy */ = {
			isa = PBXContainerItemProxy;
			containerPortal = 301BF52D109A57CC0062928A /* CordovaLib/CordovaLib.xcodeproj */;
			proxyType = 1;
			remoteGlobalIDString = D2AAC07D0554694100DB518D;
			remoteInfo = CordovaLib;
		};
		907D8123214C687600058A10 /* PBXContainerItemProxy */ = {
			isa = PBXContainerItemProxy;
			containerPortal = 301BF52D109A57CC0062928A /* CordovaLib/CordovaLib.xcodeproj */;
			proxyType = 2;
			remoteGlobalIDString = C0C01EB21E3911D50056E6CB;
			remoteInfo = Cordova;
		};
/* End PBXContainerItemProxy section */

/* Begin PBXFileReference section */
		010A88600FEF406994F9F69E /* CordovaHttpPlugin.h */ = {isa = PBXFileReference; explicitFileType = undefined; fileEncoding = 4; includeInIndex = 0; lastKnownFileType = sourcecode.c.h; name = CordovaHttpPlugin.h; path = "cordova-plugin-advanced-http/CordovaHttpPlugin.h"; sourceTree = "<group>"; };
		01BD0D4369E04D5B9935D8C1 /* CDVSplashScreen.m */ = {isa = PBXFileReference; explicitFileType = undefined; fileEncoding = 4; includeInIndex = 0; lastKnownFileType = sourcecode.c.objc; name = CDVSplashScreen.m; path = "cordova-plugin-splashscreen/CDVSplashScreen.m"; sourceTree = "<group>"; };
		0207DA571B56EA530066E2B4 /* Images.xcassets */ = {isa = PBXFileReference; lastKnownFileType = folder.assetcatalog; name = Images.xcassets; path = CONVERGENCE/Images.xcassets; sourceTree = SOURCE_ROOT; };
		022932C0F0874289B809F88B /* UIImage+CropScaleOrientation.m */ = {isa = PBXFileReference; explicitFileType = undefined; fileEncoding = 4; includeInIndex = 0; lastKnownFileType = sourcecode.c.objc; name = "UIImage+CropScaleOrientation.m"; path = "cordova-plugin-camera/UIImage+CropScaleOrientation.m"; sourceTree = "<group>"; };
		0322D79DF1EC4D74BAF19321 /* CDVWKWebViewUIDelegate.h */ = {isa = PBXFileReference; explicitFileType = undefined; fileEncoding = 4; includeInIndex = 0; lastKnownFileType = sourcecode.c.h; name = CDVWKWebViewUIDelegate.h; path = "cordova-plugin-ionic-webview/CDVWKWebViewUIDelegate.h"; sourceTree = "<group>"; };
		0AA9EC40AB824EE2874DB75D /* QuartzCore.framework */ = {isa = PBXFileReference; explicitFileType = undefined; fileEncoding = 9; includeInIndex = 0; lastKnownFileType = wrapper.framework; name = QuartzCore.framework; path = System/Library/Frameworks/QuartzCore.framework; sourceTree = SDKROOT; };
		0C7712BB5D984049B42B4E7D /* IonicCordovaCommon.h */ = {isa = PBXFileReference; explicitFileType = undefined; fileEncoding = 4; includeInIndex = 0; lastKnownFileType = sourcecode.c.h; name = IonicCordovaCommon.h; path = "cordova-plugin-ionic/IonicCordovaCommon.h"; sourceTree = "<group>"; };
		105E8D30404A2BD8CBD474C9 /* Pods-CONVERGENCE.release.xcconfig */ = {isa = PBXFileReference; includeInIndex = 1; lastKnownFileType = text.xcconfig; name = "Pods-CONVERGENCE.release.xcconfig"; path = "Target Support Files/Pods-CONVERGENCE/Pods-CONVERGENCE.release.xcconfig"; sourceTree = "<group>"; };
		115BD4837FA856DE8C3EEA03 /* libPods-CONVERGENCE.a */ = {isa = PBXFileReference; explicitFileType = archive.ar; includeInIndex = 0; path = "libPods-CONVERGENCE.a"; sourceTree = BUILT_PRODUCTS_DIR; };
		136081E3B792454B8284979E /* OneSignalPush.m */ = {isa = PBXFileReference; explicitFileType = undefined; fileEncoding = 4; includeInIndex = 0; lastKnownFileType = sourcecode.c.objc; name = OneSignalPush.m; path = "onesignal-cordova-plugin/OneSignalPush.m"; sourceTree = "<group>"; };
		141A9C26310F417A9015607F /* CDVKeyboard.m */ = {isa = PBXFileReference; explicitFileType = undefined; fileEncoding = 4; includeInIndex = 0; lastKnownFileType = sourcecode.c.objc; name = CDVKeyboard.m; path = "cordova-plugin-keyboard/CDVKeyboard.m"; sourceTree = "<group>"; };
		14777B827D5244ECB603425A /* CDVInAppBrowser.h */ = {isa = PBXFileReference; explicitFileType = undefined; fileEncoding = 4; includeInIndex = 0; lastKnownFileType = sourcecode.c.h; name = CDVInAppBrowser.h; path = "cordova-plugin-inappbrowser/CDVInAppBrowser.h"; sourceTree = "<group>"; };
		1804A395CC6A465E93436711 /* AFHTTPSessionManager.m */ = {isa = PBXFileReference; explicitFileType = undefined; fileEncoding = 4; includeInIndex = 0; lastKnownFileType = sourcecode.c.objc; name = AFHTTPSessionManager.m; path = "cordova-plugin-advanced-http/AFHTTPSessionManager.m"; sourceTree = "<group>"; };
		1B1B1162AA5A40E8A2A0F520 /* CDVLocalFilesystem.h */ = {isa = PBXFileReference; explicitFileType = undefined; fileEncoding = 4; includeInIndex = 0; lastKnownFileType = sourcecode.c.h; name = CDVLocalFilesystem.h; path = "cordova-plugin-file/CDVLocalFilesystem.h"; sourceTree = "<group>"; };
		1B642F65546E4770A780E4EC /* PSPDFThreadSafeMutableDictionary.h */ = {isa = PBXFileReference; explicitFileType = undefined; fileEncoding = 4; includeInIndex = 0; lastKnownFileType = sourcecode.c.h; name = PSPDFThreadSafeMutableDictionary.h; path = "cordova-sqlite-ext/PSPDFThreadSafeMutableDictionary.h"; sourceTree = "<group>"; };
		1BE158CD4FD94950B499050D /* CDVSplashScreen.h */ = {isa = PBXFileReference; explicitFileType = undefined; fileEncoding = 4; includeInIndex = 0; lastKnownFileType = sourcecode.c.h; name = CDVSplashScreen.h; path = "cordova-plugin-splashscreen/CDVSplashScreen.h"; sourceTree = "<group>"; };
		1D3623240D0F684500981E51 /* AppDelegate.h */ = {isa = PBXFileReference; fileEncoding = 4; lastKnownFileType = sourcecode.c.h; path = AppDelegate.h; sourceTree = "<group>"; };
		1D3623250D0F684500981E51 /* AppDelegate.m */ = {isa = PBXFileReference; fileEncoding = 4; lastKnownFileType = sourcecode.c.objc; path = AppDelegate.m; sourceTree = "<group>"; };
		1D6058910D05DD3D006BFB54 /* CONVERGENCE.app */ = {isa = PBXFileReference; explicitFileType = wrapper.application; includeInIndex = 0; path = CONVERGENCE.app; sourceTree = BUILT_PRODUCTS_DIR; };
		1D7BB48576074AE69D8B8F0E /* AFSecurityPolicy.m */ = {isa = PBXFileReference; explicitFileType = undefined; fileEncoding = 4; includeInIndex = 0; lastKnownFileType = sourcecode.c.objc; name = AFSecurityPolicy.m; path = "cordova-plugin-advanced-http/AFSecurityPolicy.m"; sourceTree = "<group>"; };
		1E78741431934423BA447D17 /* IONAssetHandler.m */ = {isa = PBXFileReference; explicitFileType = undefined; fileEncoding = 4; includeInIndex = 0; lastKnownFileType = sourcecode.c.objc; name = IONAssetHandler.m; path = "cordova-plugin-ionic-webview/IONAssetHandler.m"; sourceTree = "<group>"; };
		1EB1FF7FCCEE4A979BFBFFCE /* AFHTTPSessionManager.h */ = {isa = PBXFileReference; explicitFileType = undefined; fileEncoding = 4; includeInIndex = 0; lastKnownFileType = sourcecode.c.h; name = AFHTTPSessionManager.h; path = "cordova-plugin-advanced-http/AFHTTPSessionManager.h"; sourceTree = "<group>"; };
		1F533A65C7574F8D84CB2DE6 /* AFSecurityPolicy.h */ = {isa = PBXFileReference; explicitFileType = undefined; fileEncoding = 4; includeInIndex = 0; lastKnownFileType = sourcecode.c.h; name = AFSecurityPolicy.h; path = "cordova-plugin-advanced-http/AFSecurityPolicy.h"; sourceTree = "<group>"; };
		274713CB3E83472F850B849E /* CDVAssetLibraryFilesystem.h */ = {isa = PBXFileReference; explicitFileType = undefined; fileEncoding = 4; includeInIndex = 0; lastKnownFileType = sourcecode.c.h; name = CDVAssetLibraryFilesystem.h; path = "cordova-plugin-file/CDVAssetLibraryFilesystem.h"; sourceTree = "<group>"; };
		2962982A9BB2464887309FD2 /* PSPDFThreadSafeMutableDictionary.m */ = {isa = PBXFileReference; explicitFileType = undefined; fileEncoding = 4; includeInIndex = 0; lastKnownFileType = sourcecode.c.objc; name = PSPDFThreadSafeMutableDictionary.m; path = "cordova-sqlite-ext/PSPDFThreadSafeMutableDictionary.m"; sourceTree = "<group>"; };
		299C375D22E14D64BDD734AF /* CDVJpegHeaderWriter.h */ = {isa = PBXFileReference; explicitFileType = undefined; fileEncoding = 4; includeInIndex = 0; lastKnownFileType = sourcecode.c.h; name = CDVJpegHeaderWriter.h; path = "cordova-plugin-camera/CDVJpegHeaderWriter.h"; sourceTree = "<group>"; };
		29B97316FDCFA39411CA2CEA /* main.m */ = {isa = PBXFileReference; fileEncoding = 4; lastKnownFileType = sourcecode.c.objc; path = main.m; sourceTree = "<group>"; };
		29C770B491FA49B282259126 /* libz.tbd */ = {isa = PBXFileReference; explicitFileType = undefined; fileEncoding = 9; includeInIndex = 0; lastKnownFileType = "sourcecode.text-based-dylib-definition"; name = libz.tbd; path = usr/lib/libz.tbd; sourceTree = SDKROOT; };
		2AAFD135D2384FED8DBA520E /* cencode.c */ = {isa = PBXFileReference; explicitFileType = undefined; fileEncoding = 9; includeInIndex = 0; lastKnownFileType = unknown; name = cencode.c; path = "cordova-sqlite-ext/cencode.c"; sourceTree = "<group>"; };
		2BBB3064E1014864B2FFC365 /* sqlite3_regexp.c */ = {isa = PBXFileReference; explicitFileType = undefined; fileEncoding = 9; includeInIndex = 0; lastKnownFileType = unknown; name = sqlite3_regexp.c; path = "cordova-sqlite-ext/sqlite3_regexp.c"; sourceTree = "<group>"; };
		2D8CA32855084726AF599DD4 /* CDVWKWebViewUIDelegate.m */ = {isa = PBXFileReference; explicitFileType = undefined; fileEncoding = 4; includeInIndex = 0; lastKnownFileType = sourcecode.c.objc; name = CDVWKWebViewUIDelegate.m; path = "cordova-plugin-ionic-webview/CDVWKWebViewUIDelegate.m"; sourceTree = "<group>"; };
		301BF52D109A57CC0062928A /* CordovaLib/CordovaLib.xcodeproj */ = {isa = PBXFileReference; lastKnownFileType = "wrapper.pb-project"; path = CordovaLib/CordovaLib.xcodeproj; sourceTree = "<group>"; };
		301BF56E109A69640062928A /* www */ = {isa = PBXFileReference; lastKnownFileType = folder; path = www; sourceTree = SOURCE_ROOT; };
		302D95EE14D2391D003F00A1 /* MainViewController.h */ = {isa = PBXFileReference; fileEncoding = 4; lastKnownFileType = sourcecode.c.h; path = MainViewController.h; sourceTree = "<group>"; };
		302D95EF14D2391D003F00A1 /* MainViewController.m */ = {isa = PBXFileReference; fileEncoding = 4; lastKnownFileType = sourcecode.c.objc; path = MainViewController.m; sourceTree = "<group>"; };
		302D95F014D2391D003F00A1 /* MainViewController.xib */ = {isa = PBXFileReference; fileEncoding = 4; lastKnownFileType = file.xib; path = MainViewController.xib; sourceTree = "<group>"; };
		3047A50F1AB8059700498E2A /* build-debug.xcconfig */ = {isa = PBXFileReference; fileEncoding = 4; lastKnownFileType = text.xcconfig; name = "build-debug.xcconfig"; path = "cordova/build-debug.xcconfig"; sourceTree = SOURCE_ROOT; };
		3047A5101AB8059700498E2A /* build-release.xcconfig */ = {isa = PBXFileReference; fileEncoding = 4; lastKnownFileType = text.xcconfig; name = "build-release.xcconfig"; path = "cordova/build-release.xcconfig"; sourceTree = SOURCE_ROOT; };
		3047A5111AB8059700498E2A /* build.xcconfig */ = {isa = PBXFileReference; fileEncoding = 4; lastKnownFileType = text.xcconfig; name = build.xcconfig; path = cordova/build.xcconfig; sourceTree = SOURCE_ROOT; };
		3099B3A1D2CE4D0AA83052B8 /* FileOpener2.h */ = {isa = PBXFileReference; explicitFileType = undefined; fileEncoding = 4; includeInIndex = 0; lastKnownFileType = sourcecode.c.h; name = FileOpener2.h; path = "cordova-plugin-file-opener2/FileOpener2.h"; sourceTree = "<group>"; };
		32A52D981625421EA922D8F7 /* CDVSpinnerDialog.m */ = {isa = PBXFileReference; explicitFileType = undefined; fileEncoding = 4; includeInIndex = 0; lastKnownFileType = sourcecode.c.objc; name = CDVSpinnerDialog.m; path = "cordova-plugin-native-spinner/CDVSpinnerDialog.m"; sourceTree = "<group>"; };
		32CA4F630368D1EE00C91783 /* CONVERGENCE-Prefix.pch */ = {isa = PBXFileReference; fileEncoding = 4; lastKnownFileType = sourcecode.c.h; path = "CONVERGENCE-Prefix.pch"; sourceTree = "<group>"; };
		331B254650B948429AD47D3E /* AVFoundation.framework */ = {isa = PBXFileReference; explicitFileType = undefined; fileEncoding = 9; includeInIndex = 0; lastKnownFileType = wrapper.framework; name = AVFoundation.framework; path = System/Library/Frameworks/AVFoundation.framework; sourceTree = SDKROOT; };
		3393CBD6BA8440AEB84BEF75 /* SQLitePlugin.h */ = {isa = PBXFileReference; explicitFileType = undefined; fileEncoding = 4; includeInIndex = 0; lastKnownFileType = sourcecode.c.h; name = SQLitePlugin.h; path = "cordova-sqlite-ext/SQLitePlugin.h"; sourceTree = "<group>"; };
		35E743C725E74A65998D6036 /* sqlDB.h */ = {isa = PBXFileReference; explicitFileType = undefined; fileEncoding = 4; includeInIndex = 0; lastKnownFileType = sourcecode.c.h; name = sqlDB.h; path = "cordova-plugin-dbcopy/sqlDB.h"; sourceTree = "<group>"; };
		36CA254AB7C24E65BF2119BA /* AFURLRequestSerialization.m */ = {isa = PBXFileReference; explicitFileType = undefined; fileEncoding = 4; includeInIndex = 0; lastKnownFileType = sourcecode.c.objc; name = AFURLRequestSerialization.m; path = "cordova-plugin-advanced-http/AFURLRequestSerialization.m"; sourceTree = "<group>"; };
		387AEE766EED41BFBBC1994D /* APPEmailComposerImpl.m */ = {isa = PBXFileReference; explicitFileType = undefined; fileEncoding = 4; includeInIndex = 0; lastKnownFileType = sourcecode.c.objc; name = APPEmailComposerImpl.m; path = "cordova-plugin-email/APPEmailComposerImpl.m"; sourceTree = "<group>"; };
		393EFE2752BB45419373C7A8 /* CDVStatusBar.h */ = {isa = PBXFileReference; explicitFileType = undefined; fileEncoding = 4; includeInIndex = 0; lastKnownFileType = sourcecode.c.h; name = CDVStatusBar.h; path = "cordova-plugin-statusbar/CDVStatusBar.h"; sourceTree = "<group>"; };
		39E057AE531ADEE325E2CD4D /* Pods-CONVERGENCE.debug.xcconfig */ = {isa = PBXFileReference; includeInIndex = 1; lastKnownFileType = text.xcconfig; name = "Pods-CONVERGENCE.debug.xcconfig"; path = "Target Support Files/Pods-CONVERGENCE/Pods-CONVERGENCE.debug.xcconfig"; sourceTree = "<group>"; };
		3BA45CD07E554167B812FF0D /* APPEmailComposer.m */ = {isa = PBXFileReference; explicitFileType = undefined; fileEncoding = 4; includeInIndex = 0; lastKnownFileType = sourcecode.c.objc; name = APPEmailComposer.m; path = "cordova-plugin-email/APPEmailComposer.m"; sourceTree = "<group>"; };
		45EF75EFCC4949B38A28BFA7 /* CDVLocation.m */ = {isa = PBXFileReference; explicitFileType = undefined; fileEncoding = 4; includeInIndex = 0; lastKnownFileType = sourcecode.c.objc; name = CDVLocation.m; path = "cordova-plugin-geolocation/CDVLocation.m"; sourceTree = "<group>"; };
		48CF1AD516294CDBA6E6F386 /* CDVIonicKeyboard.m */ = {isa = PBXFileReference; explicitFileType = undefined; fileEncoding = 4; includeInIndex = 0; lastKnownFileType = sourcecode.c.objc; name = CDVIonicKeyboard.m; path = "cordova-plugin-ionic-keyboard/CDVIonicKeyboard.m"; sourceTree = "<group>"; };
		4E0F029D453B491390485BAA /* CDVLocation.h */ = {isa = PBXFileReference; explicitFileType = undefined; fileEncoding = 4; includeInIndex = 0; lastKnownFileType = sourcecode.c.h; name = CDVLocation.h; path = "cordova-plugin-geolocation/CDVLocation.h"; sourceTree = "<group>"; };
		518C9D9BDE184754AD389F8F /* Security.framework */ = {isa = PBXFileReference; explicitFileType = undefined; fileEncoding = 9; includeInIndex = 0; lastKnownFileType = wrapper.framework; name = Security.framework; path = System/Library/Frameworks/Security.framework; sourceTree = SDKROOT; };
		5871932EB05D45D3A8E4E6B3 /* AFURLResponseSerialization.m */ = {isa = PBXFileReference; explicitFileType = undefined; fileEncoding = 4; includeInIndex = 0; lastKnownFileType = sourcecode.c.objc; name = AFURLResponseSerialization.m; path = "cordova-plugin-advanced-http/AFURLResponseSerialization.m"; sourceTree = "<group>"; };
		59599A8B96E347EA8C869E60 /* IonicCordovaCommon.m */ = {isa = PBXFileReference; explicitFileType = undefined; fileEncoding = 4; includeInIndex = 0; lastKnownFileType = sourcecode.c.objc; name = IonicCordovaCommon.m; path = "cordova-plugin-ionic/IonicCordovaCommon.m"; sourceTree = "<group>"; };
		5A8712E359984FEF8019BCDE /* Toast+UIView.m */ = {isa = PBXFileReference; explicitFileType = undefined; fileEncoding = 4; includeInIndex = 0; lastKnownFileType = sourcecode.c.objc; name = "Toast+UIView.m"; path = "cordova-plugin-x-toast/Toast+UIView.m"; sourceTree = "<group>"; };
		5F0B3374057C42DFB88FD412 /* CDVLocalFilesystem.m */ = {isa = PBXFileReference; explicitFileType = undefined; fileEncoding = 4; includeInIndex = 0; lastKnownFileType = sourcecode.c.objc; name = CDVLocalFilesystem.m; path = "cordova-plugin-file/CDVLocalFilesystem.m"; sourceTree = "<group>"; };
		68DFFC52443D4216B445999F /* AFNetworkReachabilityManager.m */ = {isa = PBXFileReference; explicitFileType = undefined; fileEncoding = 4; includeInIndex = 0; lastKnownFileType = sourcecode.c.objc; name = AFNetworkReachabilityManager.m; path = "cordova-plugin-advanced-http/AFNetworkReachabilityManager.m"; sourceTree = "<group>"; };
		6AFF5BF81D6E424B00AB3073 /* CDVLaunchScreen.storyboard */ = {isa = PBXFileReference; fileEncoding = 4; lastKnownFileType = file.storyboard; name = CDVLaunchScreen.storyboard; path = CONVERGENCE/CDVLaunchScreen.storyboard; sourceTree = SOURCE_ROOT; };
		6FB6B0AF457A4DC2B0133FEF /* sqlite3.c */ = {isa = PBXFileReference; explicitFileType = undefined; fileEncoding = 9; includeInIndex = 0; lastKnownFileType = unknown; name = sqlite3.c; path = "cordova-sqlite-ext/sqlite3.c"; sourceTree = "<group>"; };
		704CF1BD57D94387859F0D87 /* CDVWKWebViewEngine.h */ = {isa = PBXFileReference; explicitFileType = undefined; fileEncoding = 4; includeInIndex = 0; lastKnownFileType = sourcecode.c.h; name = CDVWKWebViewEngine.h; path = "cordova-plugin-ionic-webview/CDVWKWebViewEngine.h"; sourceTree = "<group>"; };
		7343972361A74F989E6DF9FC /* CDVKeyboard.h */ = {isa = PBXFileReference; explicitFileType = undefined; fileEncoding = 4; includeInIndex = 0; lastKnownFileType = sourcecode.c.h; name = CDVKeyboard.h; path = "cordova-plugin-keyboard/CDVKeyboard.h"; sourceTree = "<group>"; };
		75044D10FEFF4145951044B3 /* CDVAssetLibraryFilesystem.m */ = {isa = PBXFileReference; explicitFileType = undefined; fileEncoding = 4; includeInIndex = 0; lastKnownFileType = sourcecode.c.objc; name = CDVAssetLibraryFilesystem.m; path = "cordova-plugin-file/CDVAssetLibraryFilesystem.m"; sourceTree = "<group>"; };
		7513BF85B6C746B18C63D75C /* AFURLSessionManager.h */ = {isa = PBXFileReference; explicitFileType = undefined; fileEncoding = 4; includeInIndex = 0; lastKnownFileType = sourcecode.c.h; name = AFURLSessionManager.h; path = "cordova-plugin-advanced-http/AFURLSessionManager.h"; sourceTree = "<group>"; };
		775D45C5E9A44744A615CC68 /* AFNetworking.h */ = {isa = PBXFileReference; explicitFileType = undefined; fileEncoding = 4; includeInIndex = 0; lastKnownFileType = sourcecode.c.h; name = AFNetworking.h; path = "cordova-plugin-advanced-http/AFNetworking.h"; sourceTree = "<group>"; };
		783C4BE1B57847549BA4DED1 /* AFURLRequestSerialization.h */ = {isa = PBXFileReference; explicitFileType = undefined; fileEncoding = 4; includeInIndex = 0; lastKnownFileType = sourcecode.c.h; name = AFURLRequestSerialization.h; path = "cordova-plugin-advanced-http/AFURLRequestSerialization.h"; sourceTree = "<group>"; };
		78FBB60E475F429A9911990A /* CDVWKProcessPoolFactory.m */ = {isa = PBXFileReference; explicitFileType = undefined; fileEncoding = 4; includeInIndex = 0; lastKnownFileType = sourcecode.c.objc; name = CDVWKProcessPoolFactory.m; path = "cordova-plugin-ionic-webview/CDVWKProcessPoolFactory.m"; sourceTree = "<group>"; };
		7FD14220FC294CDC87D0675A /* CDVCamera.h */ = {isa = PBXFileReference; explicitFileType = undefined; fileEncoding = 4; includeInIndex = 0; lastKnownFileType = sourcecode.c.h; name = CDVCamera.h; path = "cordova-plugin-camera/CDVCamera.h"; sourceTree = "<group>"; };
		7FFF6DBBBF984469BD770024 /* TextRequestSerializer.m */ = {isa = PBXFileReference; explicitFileType = undefined; fileEncoding = 4; includeInIndex = 0; lastKnownFileType = sourcecode.c.objc; name = TextRequestSerializer.m; path = "cordova-plugin-advanced-http/TextRequestSerializer.m"; sourceTree = "<group>"; };
		823E2BB80A0940298F26A063 /* CDVDevice.m */ = {isa = PBXFileReference; explicitFileType = undefined; fileEncoding = 4; includeInIndex = 0; lastKnownFileType = sourcecode.c.objc; name = CDVDevice.m; path = "cordova-plugin-device/CDVDevice.m"; sourceTree = "<group>"; };
		83C5FE7E0BBE449A8BB6BC4A /* CDVStatusBar.m */ = {isa = PBXFileReference; explicitFileType = undefined; fileEncoding = 4; includeInIndex = 0; lastKnownFileType = sourcecode.c.objc; name = CDVStatusBar.m; path = "cordova-plugin-statusbar/CDVStatusBar.m"; sourceTree = "<group>"; };
		84782FE396F64A66A7343043 /* APPEmailComposer.h */ = {isa = PBXFileReference; explicitFileType = undefined; fileEncoding = 4; includeInIndex = 0; lastKnownFileType = sourcecode.c.h; name = APPEmailComposer.h; path = "cordova-plugin-email/APPEmailComposer.h"; sourceTree = "<group>"; };
		876DE83257D245768214271A /* CDVJpegHeaderWriter.m */ = {isa = PBXFileReference; explicitFileType = undefined; fileEncoding = 4; includeInIndex = 0; lastKnownFileType = sourcecode.c.objc; name = CDVJpegHeaderWriter.m; path = "cordova-plugin-camera/CDVJpegHeaderWriter.m"; sourceTree = "<group>"; };
		876EFB911D694DD2B799D84E /* CDVViewController+SplashScreen.h */ = {isa = PBXFileReference; explicitFileType = undefined; fileEncoding = 4; includeInIndex = 0; lastKnownFileType = sourcecode.c.h; name = "CDVViewController+SplashScreen.h"; path = "cordova-plugin-splashscreen/CDVViewController+SplashScreen.h"; sourceTree = "<group>"; };
		87BA76821B544DD0A595FAA9 /* CDVFileTransfer.m */ = {isa = PBXFileReference; explicitFileType = undefined; fileEncoding = 4; includeInIndex = 0; lastKnownFileType = sourcecode.c.objc; name = CDVFileTransfer.m; path = "cordova-plugin-file-transfer/CDVFileTransfer.m"; sourceTree = "<group>"; };
		8D1107310486CEB800E47090 /* CONVERGENCE-Info.plist */ = {isa = PBXFileReference; fileEncoding = 4; lastKnownFileType = text.plist.xml; name = "CONVERGENCE-Info.plist"; path = "CONVERGENCE/CONVERGENCE-Info.plist"; plistStructureDefinitionIdentifier = "com.apple.xcode.plist.structure-definition.iphone.info-plist"; sourceTree = SOURCE_ROOT; };
		925B44CFD857492DB1F7DF40 /* WebKit.framework */ = {isa = PBXFileReference; explicitFileType = undefined; fileEncoding = 9; includeInIndex = 0; lastKnownFileType = wrapper.framework; name = WebKit.framework; path = System/Library/Frameworks/WebKit.framework; sourceTree = SDKROOT; };
		92B51A13AAEA4F51BA142ACD /* sqlite3_base64.c */ = {isa = PBXFileReference; explicitFileType = undefined; fileEncoding = 9; includeInIndex = 0; lastKnownFileType = unknown; name = sqlite3_base64.c; path = "cordova-sqlite-ext/sqlite3_base64.c"; sourceTree = "<group>"; };
		96291C716D3B448FB624B577 /* sqlite3.h */ = {isa = PBXFileReference; explicitFileType = undefined; fileEncoding = 4; includeInIndex = 0; lastKnownFileType = sourcecode.c.h; name = sqlite3.h; path = "cordova-sqlite-ext/sqlite3.h"; sourceTree = "<group>"; };
		96D898A1ED2442519CD5750B /* SystemConfiguration.framework */ = {isa = PBXFileReference; explicitFileType = undefined; fileEncoding = 9; includeInIndex = 0; lastKnownFileType = wrapper.framework; name = SystemConfiguration.framework; path = System/Library/Frameworks/SystemConfiguration.framework; sourceTree = SDKROOT; };
		9D8CFB6E54CE4A079874C4D2 /* CDVDevice.h */ = {isa = PBXFileReference; explicitFileType = undefined; fileEncoding = 4; includeInIndex = 0; lastKnownFileType = sourcecode.c.h; name = CDVDevice.h; path = "cordova-plugin-device/CDVDevice.h"; sourceTree = "<group>"; };
		9F8FC626B81248EAB8666BA5 /* CDVFileTransfer.h */ = {isa = PBXFileReference; explicitFileType = undefined; fileEncoding = 4; includeInIndex = 0; lastKnownFileType = sourcecode.c.h; name = CDVFileTransfer.h; path = "cordova-plugin-file-transfer/CDVFileTransfer.h"; sourceTree = "<group>"; };
		9FD067F5F95247F285C6BED2 /* CDVViewController+SplashScreen.m */ = {isa = PBXFileReference; explicitFileType = undefined; fileEncoding = 4; includeInIndex = 0; lastKnownFileType = sourcecode.c.objc; name = "CDVViewController+SplashScreen.m"; path = "cordova-plugin-splashscreen/CDVViewController+SplashScreen.m"; sourceTree = "<group>"; };
		ABD865795D4249E1AA0161C6 /* IONAssetHandler.h */ = {isa = PBXFileReference; explicitFileType = undefined; fileEncoding = 4; includeInIndex = 0; lastKnownFileType = sourcecode.c.h; name = IONAssetHandler.h; path = "cordova-plugin-ionic-webview/IONAssetHandler.h"; sourceTree = "<group>"; };
		ADAFC49F7695433E8AC80993 /* CDVFile.h */ = {isa = PBXFileReference; explicitFileType = undefined; fileEncoding = 4; includeInIndex = 0; lastKnownFileType = sourcecode.c.h; name = CDVFile.h; path = "cordova-plugin-file/CDVFile.h"; sourceTree = "<group>"; };
		AFC4837B55B143B2ACF53A5A /* SDNetworkActivityIndicator.m */ = {isa = PBXFileReference; explicitFileType = undefined; fileEncoding = 4; includeInIndex = 0; lastKnownFileType = sourcecode.c.objc; name = SDNetworkActivityIndicator.m; path = "cordova-plugin-advanced-http/SDNetworkActivityIndicator.m"; sourceTree = "<group>"; };
		B6B74DE66E6B48FEB132BBCB /* AFURLResponseSerialization.h */ = {isa = PBXFileReference; explicitFileType = undefined; fileEncoding = 4; includeInIndex = 0; lastKnownFileType = sourcecode.c.h; name = AFURLResponseSerialization.h; path = "cordova-plugin-advanced-http/AFURLResponseSerialization.h"; sourceTree = "<group>"; };
		B6C51D30ABEC479BBA30DCD5 /* AFURLSessionManager.m */ = {isa = PBXFileReference; explicitFileType = undefined; fileEncoding = 4; includeInIndex = 0; lastKnownFileType = sourcecode.c.objc; name = AFURLSessionManager.m; path = "cordova-plugin-advanced-http/AFURLSessionManager.m"; sourceTree = "<group>"; };
		B83DE0FF437A486289D277A0 /* CDVWKWebViewEngine.m */ = {isa = PBXFileReference; explicitFileType = undefined; fileEncoding = 4; includeInIndex = 0; lastKnownFileType = sourcecode.c.objc; name = CDVWKWebViewEngine.m; path = "cordova-plugin-ionic-webview/CDVWKWebViewEngine.m"; sourceTree = "<group>"; };
		BAA6AB87164440579AC0C6C9 /* CDVWKProcessPoolFactory.h */ = {isa = PBXFileReference; explicitFileType = undefined; fileEncoding = 4; includeInIndex = 0; lastKnownFileType = sourcecode.c.h; name = CDVWKProcessPoolFactory.h; path = "cordova-plugin-ionic-webview/CDVWKProcessPoolFactory.h"; sourceTree = "<group>"; };
		BC7AEE6C8B524F8A90A6E345 /* SafariViewController.h */ = {isa = PBXFileReference; explicitFileType = undefined; fileEncoding = 4; includeInIndex = 0; lastKnownFileType = sourcecode.c.h; name = SafariViewController.h; path = "cordova-plugin-safariviewcontroller/SafariViewController.h"; sourceTree = "<group>"; };
		C010A1ABCBAE411FAE0225CE /* TextResponseSerializer.h */ = {isa = PBXFileReference; explicitFileType = undefined; fileEncoding = 4; includeInIndex = 0; lastKnownFileType = sourcecode.c.h; name = TextResponseSerializer.h; path = "cordova-plugin-advanced-http/TextResponseSerializer.h"; sourceTree = "<group>"; };
		C466C9B7801A4FE3AC5C40FD /* CordovaHttpPlugin.m */ = {isa = PBXFileReference; explicitFileType = undefined; fileEncoding = 4; includeInIndex = 0; lastKnownFileType = sourcecode.c.objc; name = CordovaHttpPlugin.m; path = "cordova-plugin-advanced-http/CordovaHttpPlugin.m"; sourceTree = "<group>"; };
		C5E2EB79D7B047C0813A9300 /* CDVFile.m */ = {isa = PBXFileReference; explicitFileType = undefined; fileEncoding = 4; includeInIndex = 0; lastKnownFileType = sourcecode.c.objc; name = CDVFile.m; path = "cordova-plugin-file/CDVFile.m"; sourceTree = "<group>"; };
		C7DAEF8F238048129E77FAE2 /* Toast.h */ = {isa = PBXFileReference; explicitFileType = undefined; fileEncoding = 4; includeInIndex = 0; lastKnownFileType = sourcecode.c.h; name = Toast.h; path = "cordova-plugin-x-toast/Toast.h"; sourceTree = "<group>"; };
		C95C63EE6444446294EA423E /* SafariServices.framework */ = {isa = PBXFileReference; explicitFileType = undefined; fileEncoding = 9; includeInIndex = 0; lastKnownFileType = wrapper.framework; name = SafariServices.framework; path = System/Library/Frameworks/SafariServices.framework; sourceTree = SDKROOT; };
		C9EF893BDF754D8F8A5E8771 /* ImageIO.framework */ = {isa = PBXFileReference; explicitFileType = undefined; fileEncoding = 9; includeInIndex = 0; lastKnownFileType = wrapper.framework; name = ImageIO.framework; path = System/Library/Frameworks/ImageIO.framework; sourceTree = SDKROOT; };
		CBC059762909401898310B36 /* APPPrinter.m */ = {isa = PBXFileReference; explicitFileType = undefined; fileEncoding = 4; includeInIndex = 0; lastKnownFileType = sourcecode.c.objc; name = APPPrinter.m; path = de.appplant.cordova.plugin.printer/APPPrinter.m; sourceTree = "<group>"; };
		CD7A493AB8734355B688B6B3 /* OneSignalPush.h */ = {isa = PBXFileReference; explicitFileType = undefined; fileEncoding = 4; includeInIndex = 0; lastKnownFileType = sourcecode.c.h; name = OneSignalPush.h; path = "onesignal-cordova-plugin/OneSignalPush.h"; sourceTree = "<group>"; };
		CDC1A01AD46545BDBD468F2F /* TextResponseSerializer.m */ = {isa = PBXFileReference; explicitFileType = undefined; fileEncoding = 4; includeInIndex = 0; lastKnownFileType = sourcecode.c.objc; name = TextResponseSerializer.m; path = "cordova-plugin-advanced-http/TextResponseSerializer.m"; sourceTree = "<group>"; };
		CFD157CA230F40C986DC185B /* Toast+UIView.h */ = {isa = PBXFileReference; explicitFileType = undefined; fileEncoding = 4; includeInIndex = 0; lastKnownFileType = sourcecode.c.h; name = "Toast+UIView.h"; path = "cordova-plugin-x-toast/Toast+UIView.h"; sourceTree = "<group>"; };
		D221B98C5AC543C28165551A /* APPEmailComposerImpl.h */ = {isa = PBXFileReference; explicitFileType = undefined; fileEncoding = 4; includeInIndex = 0; lastKnownFileType = sourcecode.c.h; name = APPEmailComposerImpl.h; path = "cordova-plugin-email/APPEmailComposerImpl.h"; sourceTree = "<group>"; };
		D2F01CDFC4004B93996D7D17 /* CoreLocation.framework */ = {isa = PBXFileReference; explicitFileType = undefined; fileEncoding = 9; includeInIndex = 0; lastKnownFileType = wrapper.framework; name = CoreLocation.framework; path = System/Library/Frameworks/CoreLocation.framework; sourceTree = SDKROOT; };
		D6C65DEB643A4E6085C05674 /* FileOpener2.m */ = {isa = PBXFileReference; explicitFileType = undefined; fileEncoding = 4; includeInIndex = 0; lastKnownFileType = sourcecode.c.objc; name = FileOpener2.m; path = "cordova-plugin-file-opener2/FileOpener2.m"; sourceTree = "<group>"; };
		D9C2F8D4648E49449097CD25 /* CDVInAppBrowser.m */ = {isa = PBXFileReference; explicitFileType = undefined; fileEncoding = 4; includeInIndex = 0; lastKnownFileType = sourcecode.c.objc; name = CDVInAppBrowser.m; path = "cordova-plugin-inappbrowser/CDVInAppBrowser.m"; sourceTree = "<group>"; };
		DEFB1D85A6304F01A9649CF8 /* SafariViewController.m */ = {isa = PBXFileReference; explicitFileType = undefined; fileEncoding = 4; includeInIndex = 0; lastKnownFileType = sourcecode.c.objc; name = SafariViewController.m; path = "cordova-plugin-safariviewcontroller/SafariViewController.m"; sourceTree = "<group>"; };
		DF41578FE23041BFA549AD7E /* SQLitePlugin.m */ = {isa = PBXFileReference; explicitFileType = undefined; fileEncoding = 4; includeInIndex = 0; lastKnownFileType = sourcecode.c.objc; name = SQLitePlugin.m; path = "cordova-sqlite-ext/SQLitePlugin.m"; sourceTree = "<group>"; };
		DFFFD4FC223A4A38B7B2F2D8 /* sqlDB.m */ = {isa = PBXFileReference; explicitFileType = undefined; fileEncoding = 4; includeInIndex = 0; lastKnownFileType = sourcecode.c.objc; name = sqlDB.m; path = "cordova-plugin-dbcopy/sqlDB.m"; sourceTree = "<group>"; };
		E203F4BFCCFC46B38CE80159 /* CDVSplashScreen+IonicCordovaCommon.h */ = {isa = PBXFileReference; explicitFileType = undefined; fileEncoding = 4; includeInIndex = 0; lastKnownFileType = sourcecode.c.h; name = "CDVSplashScreen+IonicCordovaCommon.h"; path = "cordova-plugin-ionic/CDVSplashScreen+IonicCordovaCommon.h"; sourceTree = "<group>"; };
		E5B63FB5AC4F4599958F654D /* MessageUI.framework */ = {isa = PBXFileReference; explicitFileType = undefined; fileEncoding = 9; includeInIndex = 0; lastKnownFileType = wrapper.framework; name = MessageUI.framework; path = System/Library/Frameworks/MessageUI.framework; sourceTree = SDKROOT; };
		E68F50D7028643EDAA956F1F /* CDVSpinnerDialog.h */ = {isa = PBXFileReference; explicitFileType = undefined; fileEncoding = 4; includeInIndex = 0; lastKnownFileType = sourcecode.c.h; name = CDVSpinnerDialog.h; path = "cordova-plugin-native-spinner/CDVSpinnerDialog.h"; sourceTree = "<group>"; };
		E852E84AED1D4639B54C2B93 /* APPPrinter.h */ = {isa = PBXFileReference; explicitFileType = undefined; fileEncoding = 4; includeInIndex = 0; lastKnownFileType = sourcecode.c.h; name = APPPrinter.h; path = de.appplant.cordova.plugin.printer/APPPrinter.h; sourceTree = "<group>"; };
		E974ACAF0D7947099BC4FBD2 /* sqlite3_regexp.h */ = {isa = PBXFileReference; explicitFileType = undefined; fileEncoding = 4; includeInIndex = 0; lastKnownFileType = sourcecode.c.h; name = sqlite3_regexp.h; path = "cordova-sqlite-ext/sqlite3_regexp.h"; sourceTree = "<group>"; };
		E9C5EB853B674D409B18B2CC /* cencode.h */ = {isa = PBXFileReference; explicitFileType = undefined; fileEncoding = 4; includeInIndex = 0; lastKnownFileType = sourcecode.c.h; name = cencode.h; path = "cordova-sqlite-ext/cencode.h"; sourceTree = "<group>"; };
		EB87FDF31871DA8E0020F90C /* www */ = {isa = PBXFileReference; lastKnownFileType = folder; name = www; path = ../../www; sourceTree = "<group>"; };
		EB87FDF41871DAF40020F90C /* config.xml */ = {isa = PBXFileReference; lastKnownFileType = text.xml; name = config.xml; path = ../../config.xml; sourceTree = "<group>"; };
		EB9B6B0E857444F19F940440 /* CDVSplashScreen+IonicCordovaCommon.m */ = {isa = PBXFileReference; explicitFileType = undefined; fileEncoding = 4; includeInIndex = 0; lastKnownFileType = sourcecode.c.objc; name = "CDVSplashScreen+IonicCordovaCommon.m"; path = "cordova-plugin-ionic/CDVSplashScreen+IonicCordovaCommon.m"; sourceTree = "<group>"; };
		ED33DF2A687741AEAF9F8254 /* Bridging-Header.h */ = {isa = PBXFileReference; fileEncoding = 4; lastKnownFileType = sourcecode.c.h; path = "Bridging-Header.h"; sourceTree = "<group>"; };
		EE297474A5A841D28EE3F9AD /* sqlite3_base64.h */ = {isa = PBXFileReference; explicitFileType = undefined; fileEncoding = 4; includeInIndex = 0; lastKnownFileType = sourcecode.c.h; name = sqlite3_base64.h; path = "cordova-sqlite-ext/sqlite3_base64.h"; sourceTree = "<group>"; };
		F1FE3E4B6B33431EA0554214 /* CDVIonicKeyboard.h */ = {isa = PBXFileReference; explicitFileType = undefined; fileEncoding = 4; includeInIndex = 0; lastKnownFileType = sourcecode.c.h; name = CDVIonicKeyboard.h; path = "cordova-plugin-ionic-keyboard/CDVIonicKeyboard.h"; sourceTree = "<group>"; };
		F61DA2FC74A44A9BB7ED136C /* SDNetworkActivityIndicator.h */ = {isa = PBXFileReference; explicitFileType = undefined; fileEncoding = 4; includeInIndex = 0; lastKnownFileType = sourcecode.c.h; name = SDNetworkActivityIndicator.h; path = "cordova-plugin-advanced-http/SDNetworkActivityIndicator.h"; sourceTree = "<group>"; };
		F840E1F0165FE0F500CFE078 /* config.xml */ = {isa = PBXFileReference; lastKnownFileType = text.xml; name = config.xml; path = CONVERGENCE/config.xml; sourceTree = "<group>"; };
		F890F604FD224214A98C0008 /* TextRequestSerializer.h */ = {isa = PBXFileReference; explicitFileType = undefined; fileEncoding = 4; includeInIndex = 0; lastKnownFileType = sourcecode.c.h; name = TextRequestSerializer.h; path = "cordova-plugin-advanced-http/TextRequestSerializer.h"; sourceTree = "<group>"; };
		F915B0E4F37540F4834CE5BC /* AFNetworkReachabilityManager.h */ = {isa = PBXFileReference; explicitFileType = undefined; fileEncoding = 4; includeInIndex = 0; lastKnownFileType = sourcecode.c.h; name = AFNetworkReachabilityManager.h; path = "cordova-plugin-advanced-http/AFNetworkReachabilityManager.h"; sourceTree = "<group>"; };
		FA76C41B144647DBBDBD9A76 /* CDVCamera.m */ = {isa = PBXFileReference; explicitFileType = undefined; fileEncoding = 4; includeInIndex = 0; lastKnownFileType = sourcecode.c.objc; name = CDVCamera.m; path = "cordova-plugin-camera/CDVCamera.m"; sourceTree = "<group>"; };
		FAEBE2D95C15466CBB250723 /* UIImage+CropScaleOrientation.h */ = {isa = PBXFileReference; explicitFileType = undefined; fileEncoding = 4; includeInIndex = 0; lastKnownFileType = sourcecode.c.h; name = "UIImage+CropScaleOrientation.h"; path = "cordova-plugin-camera/UIImage+CropScaleOrientation.h"; sourceTree = "<group>"; };
		FF2B55C0C66E4F0FBB15C28D /* Toast.m */ = {isa = PBXFileReference; explicitFileType = undefined; fileEncoding = 4; includeInIndex = 0; lastKnownFileType = sourcecode.c.objc; name = Toast.m; path = "cordova-plugin-x-toast/Toast.m"; sourceTree = "<group>"; };
		FF356290D07A463999F4891C /* CDVExif.h */ = {isa = PBXFileReference; explicitFileType = undefined; fileEncoding = 4; includeInIndex = 0; lastKnownFileType = sourcecode.c.h; name = CDVExif.h; path = "cordova-plugin-camera/CDVExif.h"; sourceTree = "<group>"; };
/* End PBXFileReference section */

/* Begin PBXFrameworksBuildPhase section */
		1D60588F0D05DD3D006BFB54 /* Frameworks */ = {
			isa = PBXFrameworksBuildPhase;
			buildActionMask = 2147483647;
			files = (
				301BF552109A68D80062928A /* libCordova.a in Frameworks */,
				E867BDD2432744DF9D2F88BC /* Security.framework in Frameworks */,
				818C145750B947FBAD234BF5 /* SystemConfiguration.framework in Frameworks */,
				CA6F2B881BEA4E5B985CF994 /* ImageIO.framework in Frameworks */,
				9BC4860FED59431DAE95E704 /* CoreLocation.framework in Frameworks */,
				EE9E955D3AC44EC8BF023E54 /* AVFoundation.framework in Frameworks */,
				9B9BA0D1DC6340A3A3F80DCD /* libz.tbd in Frameworks */,
				9D67C16BE6A840EFB79CA2D5 /* MessageUI.framework in Frameworks */,
				FD43F02B48DC43A68229F453 /* WebKit.framework in Frameworks */,
				CF8352A158E74F038ECBEA4A /* SafariServices.framework in Frameworks */,
				90D78CCF35334F00B1EFB558 /* QuartzCore.framework in Frameworks */,
				C6382E26971ED9CB824D9A70 /* libPods-CONVERGENCE.a in Frameworks */,
			);
			runOnlyForDeploymentPostprocessing = 0;
		};
/* End PBXFrameworksBuildPhase section */

/* Begin PBXGroup section */
		080E96DDFE201D6D7F000001 /* Classes */ = {
			isa = PBXGroup;
			children = (
				302D95EE14D2391D003F00A1 /* MainViewController.h */,
				302D95EF14D2391D003F00A1 /* MainViewController.m */,
				302D95F014D2391D003F00A1 /* MainViewController.xib */,
				1D3623240D0F684500981E51 /* AppDelegate.h */,
				1D3623250D0F684500981E51 /* AppDelegate.m */,
			);
			name = Classes;
			path = CONVERGENCE/Classes;
			sourceTree = SOURCE_ROOT;
		};
		19C28FACFE9D520D11CA2CBB /* Products */ = {
			isa = PBXGroup;
			children = (
				1D6058910D05DD3D006BFB54 /* CONVERGENCE.app */,
			);
			name = Products;
			sourceTree = "<group>";
		};
		29B97314FDCFA39411CA2CEA /* CustomTemplate */ = {
			isa = PBXGroup;
			children = (
				EB87FDF41871DAF40020F90C /* config.xml */,
				EB87FDF31871DA8E0020F90C /* www */,
				EB87FDF11871DA420020F90C /* Staging */,
				301BF52D109A57CC0062928A /* CordovaLib/CordovaLib.xcodeproj */,
				080E96DDFE201D6D7F000001 /* Classes */,
				307C750510C5A3420062BCA9 /* Plugins */,
				29B97315FDCFA39411CA2CEA /* Other Sources */,
				29B97317FDCFA39411CA2CEA /* Resources */,
				29B97323FDCFA39411CA2CEA /* Frameworks */,
				19C28FACFE9D520D11CA2CBB /* Products */,
				47AAF0CCC2445C86A084FF3B /* Pods */,
			);
			name = CustomTemplate;
			sourceTree = "<group>";
		};
		29B97315FDCFA39411CA2CEA /* Other Sources */ = {
			isa = PBXGroup;
			children = (
				32CA4F630368D1EE00C91783 /* CONVERGENCE-Prefix.pch */,
				29B97316FDCFA39411CA2CEA /* main.m */,
				ED33DF2A687741AEAF9F8254 /* Bridging-Header.h */,
			);
			name = "Other Sources";
			path = CONVERGENCE;
			sourceTree = "<group>";
		};
		29B97317FDCFA39411CA2CEA /* Resources */ = {
			isa = PBXGroup;
			children = (
				0207DA571B56EA530066E2B4 /* Images.xcassets */,
				3047A50E1AB8057F00498E2A /* config */,
				8D1107310486CEB800E47090 /* CONVERGENCE-Info.plist */,
				6AFF5BF81D6E424B00AB3073 /* CDVLaunchScreen.storyboard */,
			);
			name = Resources;
			path = CONVERGENCE/Resources;
			sourceTree = "<group>";
		};
		29B97323FDCFA39411CA2CEA /* Frameworks */ = {
			isa = PBXGroup;
			children = (
				518C9D9BDE184754AD389F8F /* Security.framework */,
				96D898A1ED2442519CD5750B /* SystemConfiguration.framework */,
				C9EF893BDF754D8F8A5E8771 /* ImageIO.framework */,
				D2F01CDFC4004B93996D7D17 /* CoreLocation.framework */,
				331B254650B948429AD47D3E /* AVFoundation.framework */,
				29C770B491FA49B282259126 /* libz.tbd */,
				E5B63FB5AC4F4599958F654D /* MessageUI.framework */,
				925B44CFD857492DB1F7DF40 /* WebKit.framework */,
				C95C63EE6444446294EA423E /* SafariServices.framework */,
				0AA9EC40AB824EE2874DB75D /* QuartzCore.framework */,
				115BD4837FA856DE8C3EEA03 /* libPods-CONVERGENCE.a */,
			);
			name = Frameworks;
			sourceTree = "<group>";
		};
		301BF52E109A57CC0062928A /* Products */ = {
			isa = PBXGroup;
			children = (
				301BF535109A57CC0062928A /* libCordova.a */,
				907D8124214C687600058A10 /* Cordova.framework */,
			);
			name = Products;
			sourceTree = "<group>";
		};
		3047A50E1AB8057F00498E2A /* config */ = {
			isa = PBXGroup;
			children = (
				3047A50F1AB8059700498E2A /* build-debug.xcconfig */,
				3047A5101AB8059700498E2A /* build-release.xcconfig */,
				3047A5111AB8059700498E2A /* build.xcconfig */,
			);
			name = config;
			sourceTree = "<group>";
		};
		307C750510C5A3420062BCA9 /* Plugins */ = {
			isa = PBXGroup;
			children = (
				C5E2EB79D7B047C0813A9300 /* CDVFile.m */,
				5F0B3374057C42DFB88FD412 /* CDVLocalFilesystem.m */,
				75044D10FEFF4145951044B3 /* CDVAssetLibraryFilesystem.m */,
				ADAFC49F7695433E8AC80993 /* CDVFile.h */,
				1B1B1162AA5A40E8A2A0F520 /* CDVLocalFilesystem.h */,
				274713CB3E83472F850B849E /* CDVAssetLibraryFilesystem.h */,
				C466C9B7801A4FE3AC5C40FD /* CordovaHttpPlugin.m */,
				CDC1A01AD46545BDBD468F2F /* TextResponseSerializer.m */,
				7FFF6DBBBF984469BD770024 /* TextRequestSerializer.m */,
				1804A395CC6A465E93436711 /* AFHTTPSessionManager.m */,
				68DFFC52443D4216B445999F /* AFNetworkReachabilityManager.m */,
				1D7BB48576074AE69D8B8F0E /* AFSecurityPolicy.m */,
				36CA254AB7C24E65BF2119BA /* AFURLRequestSerialization.m */,
				5871932EB05D45D3A8E4E6B3 /* AFURLResponseSerialization.m */,
				B6C51D30ABEC479BBA30DCD5 /* AFURLSessionManager.m */,
				AFC4837B55B143B2ACF53A5A /* SDNetworkActivityIndicator.m */,
				010A88600FEF406994F9F69E /* CordovaHttpPlugin.h */,
				C010A1ABCBAE411FAE0225CE /* TextResponseSerializer.h */,
				F890F604FD224214A98C0008 /* TextRequestSerializer.h */,
				1EB1FF7FCCEE4A979BFBFFCE /* AFHTTPSessionManager.h */,
				775D45C5E9A44744A615CC68 /* AFNetworking.h */,
				F915B0E4F37540F4834CE5BC /* AFNetworkReachabilityManager.h */,
				1F533A65C7574F8D84CB2DE6 /* AFSecurityPolicy.h */,
				783C4BE1B57847549BA4DED1 /* AFURLRequestSerialization.h */,
				B6B74DE66E6B48FEB132BBCB /* AFURLResponseSerialization.h */,
				7513BF85B6C746B18C63D75C /* AFURLSessionManager.h */,
				F61DA2FC74A44A9BB7ED136C /* SDNetworkActivityIndicator.h */,
				022932C0F0874289B809F88B /* UIImage+CropScaleOrientation.m */,
				FA76C41B144647DBBDBD9A76 /* CDVCamera.m */,
				876DE83257D245768214271A /* CDVJpegHeaderWriter.m */,
				FAEBE2D95C15466CBB250723 /* UIImage+CropScaleOrientation.h */,
				7FD14220FC294CDC87D0675A /* CDVCamera.h */,
				299C375D22E14D64BDD734AF /* CDVJpegHeaderWriter.h */,
				FF356290D07A463999F4891C /* CDVExif.h */,
				35E743C725E74A65998D6036 /* sqlDB.h */,
				DFFFD4FC223A4A38B7B2F2D8 /* sqlDB.m */,
				823E2BB80A0940298F26A063 /* CDVDevice.m */,
				9D8CFB6E54CE4A079874C4D2 /* CDVDevice.h */,
				3BA45CD07E554167B812FF0D /* APPEmailComposer.m */,
				387AEE766EED41BFBBC1994D /* APPEmailComposerImpl.m */,
				84782FE396F64A66A7343043 /* APPEmailComposer.h */,
				D221B98C5AC543C28165551A /* APPEmailComposerImpl.h */,
				D6C65DEB643A4E6085C05674 /* FileOpener2.m */,
				3099B3A1D2CE4D0AA83052B8 /* FileOpener2.h */,
				87BA76821B544DD0A595FAA9 /* CDVFileTransfer.m */,
				9F8FC626B81248EAB8666BA5 /* CDVFileTransfer.h */,
				45EF75EFCC4949B38A28BFA7 /* CDVLocation.m */,
				4E0F029D453B491390485BAA /* CDVLocation.h */,
				D9C2F8D4648E49449097CD25 /* CDVInAppBrowser.m */,
				14777B827D5244ECB603425A /* CDVInAppBrowser.h */,
				01BD0D4369E04D5B9935D8C1 /* CDVSplashScreen.m */,
				9FD067F5F95247F285C6BED2 /* CDVViewController+SplashScreen.m */,
				1BE158CD4FD94950B499050D /* CDVSplashScreen.h */,
				876EFB911D694DD2B799D84E /* CDVViewController+SplashScreen.h */,
				B83DE0FF437A486289D277A0 /* CDVWKWebViewEngine.m */,
				2D8CA32855084726AF599DD4 /* CDVWKWebViewUIDelegate.m */,
				78FBB60E475F429A9911990A /* CDVWKProcessPoolFactory.m */,
				1E78741431934423BA447D17 /* IONAssetHandler.m */,
				704CF1BD57D94387859F0D87 /* CDVWKWebViewEngine.h */,
				0322D79DF1EC4D74BAF19321 /* CDVWKWebViewUIDelegate.h */,
				BAA6AB87164440579AC0C6C9 /* CDVWKProcessPoolFactory.h */,
				ABD865795D4249E1AA0161C6 /* IONAssetHandler.h */,
				EB9B6B0E857444F19F940440 /* CDVSplashScreen+IonicCordovaCommon.m */,
				59599A8B96E347EA8C869E60 /* IonicCordovaCommon.m */,
				E203F4BFCCFC46B38CE80159 /* CDVSplashScreen+IonicCordovaCommon.h */,
				0C7712BB5D984049B42B4E7D /* IonicCordovaCommon.h */,
				48CF1AD516294CDBA6E6F386 /* CDVIonicKeyboard.m */,
				F1FE3E4B6B33431EA0554214 /* CDVIonicKeyboard.h */,
				141A9C26310F417A9015607F /* CDVKeyboard.m */,
				7343972361A74F989E6DF9FC /* CDVKeyboard.h */,
				32A52D981625421EA922D8F7 /* CDVSpinnerDialog.m */,
				E68F50D7028643EDAA956F1F /* CDVSpinnerDialog.h */,
				DEFB1D85A6304F01A9649CF8 /* SafariViewController.m */,
				BC7AEE6C8B524F8A90A6E345 /* SafariViewController.h */,
				83C5FE7E0BBE449A8BB6BC4A /* CDVStatusBar.m */,
				393EFE2752BB45419373C7A8 /* CDVStatusBar.h */,
				5A8712E359984FEF8019BCDE /* Toast+UIView.m */,
				FF2B55C0C66E4F0FBB15C28D /* Toast.m */,
				CFD157CA230F40C986DC185B /* Toast+UIView.h */,
				C7DAEF8F238048129E77FAE2 /* Toast.h */,
				CBC059762909401898310B36 /* APPPrinter.m */,
				E852E84AED1D4639B54C2B93 /* APPPrinter.h */,
				136081E3B792454B8284979E /* OneSignalPush.m */,
				CD7A493AB8734355B688B6B3 /* OneSignalPush.h */,
				DF41578FE23041BFA549AD7E /* SQLitePlugin.m */,
				2962982A9BB2464887309FD2 /* PSPDFThreadSafeMutableDictionary.m */,
				2BBB3064E1014864B2FFC365 /* sqlite3_regexp.c */,
				92B51A13AAEA4F51BA142ACD /* sqlite3_base64.c */,
				2AAFD135D2384FED8DBA520E /* cencode.c */,
				6FB6B0AF457A4DC2B0133FEF /* sqlite3.c */,
				3393CBD6BA8440AEB84BEF75 /* SQLitePlugin.h */,
				1B642F65546E4770A780E4EC /* PSPDFThreadSafeMutableDictionary.h */,
				E974ACAF0D7947099BC4FBD2 /* sqlite3_regexp.h */,
				EE297474A5A841D28EE3F9AD /* sqlite3_base64.h */,
				E9C5EB853B674D409B18B2CC /* cencode.h */,
				96291C716D3B448FB624B577 /* sqlite3.h */,
			);
			name = Plugins;
			path = CONVERGENCE/Plugins;
			sourceTree = SOURCE_ROOT;
		};
		47AAF0CCC2445C86A084FF3B /* Pods */ = {
			isa = PBXGroup;
			children = (
				39E057AE531ADEE325E2CD4D /* Pods-CONVERGENCE.debug.xcconfig */,
				105E8D30404A2BD8CBD474C9 /* Pods-CONVERGENCE.release.xcconfig */,
			);
			path = Pods;
			sourceTree = "<group>";
		};
		EB87FDF11871DA420020F90C /* Staging */ = {
			isa = PBXGroup;
			children = (
				F840E1F0165FE0F500CFE078 /* config.xml */,
				301BF56E109A69640062928A /* www */,
			);
			name = Staging;
			sourceTree = "<group>";
		};
/* End PBXGroup section */

/* Begin PBXNativeTarget section */
		1D6058900D05DD3D006BFB54 /* CONVERGENCE */ = {
			isa = PBXNativeTarget;
			buildConfigurationList = 1D6058960D05DD3E006BFB54 /* Build configuration list for PBXNativeTarget "CONVERGENCE" */;
			buildPhases = (
				2885B2206F9258358E8725A3 /* [CP] Check Pods Manifest.lock */,
				304B58A110DAC018002A0835 /* Copy www directory */,
				1D60588D0D05DD3D006BFB54 /* Resources */,
				1D60588E0D05DD3D006BFB54 /* Sources */,
				1D60588F0D05DD3D006BFB54 /* Frameworks */,
			);
			buildRules = (
			);
			dependencies = (
				301BF551109A68C00062928A /* PBXTargetDependency */,
			);
			name = CONVERGENCE;
			productName = CONVERGENCE;
			productReference = 1D6058910D05DD3D006BFB54 /* CONVERGENCE.app */;
			productType = "com.apple.product-type.application";
		};
/* End PBXNativeTarget section */

/* Begin PBXProject section */
		29B97313FDCFA39411CA2CEA /* Project object */ = {
			isa = PBXProject;
			attributes = {
				LastUpgradeCheck = 510;
				TargetAttributes = {
					1D6058900D05DD3D006BFB54 = {
						DevelopmentTeam = LFJ469SUAP;
						ProvisioningStyle = Automatic;
					};
				};
			};
			buildConfigurationList = C01FCF4E08A954540054247B /* Build configuration list for PBXProject "CONVERGENCE" */;
			compatibilityVersion = "Xcode 3.2";
			developmentRegion = English;
			hasScannedForEncodings = 1;
			knownRegions = (
				English,
				en,
			);
			mainGroup = 29B97314FDCFA39411CA2CEA /* CustomTemplate */;
			productRefGroup = 19C28FACFE9D520D11CA2CBB /* Products */;
			projectDirPath = "";
			projectReferences = (
				{
					ProductGroup = 301BF52E109A57CC0062928A /* Products */;
					ProjectRef = 301BF52D109A57CC0062928A /* CordovaLib/CordovaLib.xcodeproj */;
				},
			);
			projectRoot = "";
			targets = (
				1D6058900D05DD3D006BFB54 /* CONVERGENCE */,
			);
		};
/* End PBXProject section */

/* Begin PBXReferenceProxy section */
		301BF535109A57CC0062928A /* libCordova.a */ = {
			isa = PBXReferenceProxy;
			fileType = archive.ar;
			path = libCordova.a;
			remoteRef = 301BF534109A57CC0062928A /* PBXContainerItemProxy */;
			sourceTree = BUILT_PRODUCTS_DIR;
		};
		907D8124214C687600058A10 /* Cordova.framework */ = {
			isa = PBXReferenceProxy;
			fileType = wrapper.framework;
			path = Cordova.framework;
			remoteRef = 907D8123214C687600058A10 /* PBXContainerItemProxy */;
			sourceTree = BUILT_PRODUCTS_DIR;
		};
/* End PBXReferenceProxy section */

/* Begin PBXResourcesBuildPhase section */
		1D60588D0D05DD3D006BFB54 /* Resources */ = {
			isa = PBXResourcesBuildPhase;
			buildActionMask = 2147483647;
			files = (
				302D95F214D2391D003F00A1 /* MainViewController.xib in Resources */,
				0207DA581B56EA530066E2B4 /* Images.xcassets in Resources */,
				6AFF5BF91D6E424B00AB3073 /* CDVLaunchScreen.storyboard in Resources */,
			);
			runOnlyForDeploymentPostprocessing = 0;
		};
/* End PBXResourcesBuildPhase section */

/* Begin PBXShellScriptBuildPhase section */
		2885B2206F9258358E8725A3 /* [CP] Check Pods Manifest.lock */ = {
			isa = PBXShellScriptBuildPhase;
			buildActionMask = 2147483647;
			files = (
			);
			inputFileListPaths = (
			);
			inputPaths = (
				"${PODS_PODFILE_DIR_PATH}/Podfile.lock",
				"${PODS_ROOT}/Manifest.lock",
			);
			name = "[CP] Check Pods Manifest.lock";
			outputFileListPaths = (
			);
			outputPaths = (
				"$(DERIVED_FILE_DIR)/Pods-CONVERGENCE-checkManifestLockResult.txt",
			);
			runOnlyForDeploymentPostprocessing = 0;
			shellPath = /bin/sh;
			shellScript = "diff \"${PODS_PODFILE_DIR_PATH}/Podfile.lock\" \"${PODS_ROOT}/Manifest.lock\" > /dev/null\nif [ $? != 0 ] ; then\n    # print error to STDERR\n    echo \"error: The sandbox is not in sync with the Podfile.lock. Run 'pod install' or update your CocoaPods installation.\" >&2\n    exit 1\nfi\n# This output is used by Xcode 'outputs' to avoid re-running this script phase.\necho \"SUCCESS\" > \"${SCRIPT_OUTPUT_FILE_0}\"\n";
			showEnvVarsInLog = 0;
		};
		304B58A110DAC018002A0835 /* Copy www directory */ = {
			isa = PBXShellScriptBuildPhase;
			buildActionMask = 2147483647;
			files = (
			);
			inputPaths = (
			);
			name = "Copy www directory";
			outputPaths = (
			);
			runOnlyForDeploymentPostprocessing = 0;
			shellPath = /bin/sh;
			shellScript = "\"$SRCROOT/CONVERGENCE/Scripts/copy-www-build-step.sh\"";
			showEnvVarsInLog = 0;
		};
/* End PBXShellScriptBuildPhase section */

/* Begin PBXSourcesBuildPhase section */
		1D60588E0D05DD3D006BFB54 /* Sources */ = {
			isa = PBXSourcesBuildPhase;
			buildActionMask = 2147483647;
			files = (
				1D60589B0D05DD56006BFB54 /* main.m in Sources */,
				1D3623260D0F684500981E51 /* AppDelegate.m in Sources */,
				302D95F114D2391D003F00A1 /* MainViewController.m in Sources */,
				5711F9017BEA4AF9B7466417 /* CDVFile.m in Sources */,
				C0F92251D4774800BF257BAE /* CDVLocalFilesystem.m in Sources */,
				6814F630912C47A7BF66F21C /* CDVAssetLibraryFilesystem.m in Sources */,
				EA77112C57B94F0BB889BF88 /* CordovaHttpPlugin.m in Sources */,
				C63433C571144749B7D07943 /* TextResponseSerializer.m in Sources */,
				4AB2865EB0204B229DE87C4D /* TextRequestSerializer.m in Sources */,
				0118392B52694A65840F8928 /* AFHTTPSessionManager.m in Sources */,
				96A420B205854B5D841B2CE9 /* AFNetworkReachabilityManager.m in Sources */,
				64A944CFE484433AB5043B2F /* AFSecurityPolicy.m in Sources */,
				F15AA9F43057445D93B97CF8 /* AFURLRequestSerialization.m in Sources */,
				4F04F7311AF24DF080398218 /* AFURLResponseSerialization.m in Sources */,
				A1BA20E2DD114DA79B657B10 /* AFURLSessionManager.m in Sources */,
				22DA606C3853445C8C9E5554 /* SDNetworkActivityIndicator.m in Sources */,
				860D45BEB0A14F3FBC023F2D /* UIImage+CropScaleOrientation.m in Sources */,
				FEAF4242D73948B196B470DF /* CDVCamera.m in Sources */,
				A06FF97AC477440F8E5BA25E /* CDVJpegHeaderWriter.m in Sources */,
				A28FECC015D143D68F0C8055 /* sqlDB.h in Sources */,
				DA4AE53A8F3A478F86BD315F /* sqlDB.m in Sources */,
				F1E9932705F64DA994528738 /* CDVDevice.m in Sources */,
				DE1F78E0EA064E7296109687 /* APPEmailComposer.m in Sources */,
				0B01E6EA34024550B6561AD0 /* APPEmailComposerImpl.m in Sources */,
				06CCC331A83B4F4798BE7D46 /* FileOpener2.m in Sources */,
				045249F5362A47639CF4C090 /* CDVFileTransfer.m in Sources */,
				BFE353A9019E4B15B9934455 /* CDVLocation.m in Sources */,
				27B2EE19461F4BD6BC890355 /* CDVInAppBrowser.m in Sources */,
				39F45B42A3D84A8BB421FF3C /* CDVSplashScreen.m in Sources */,
				976610D7AB0540FA9BDB817D /* CDVViewController+SplashScreen.m in Sources */,
				82FD491824054DB7917433E5 /* CDVWKWebViewEngine.m in Sources */,
				D4876D18B29F436DBF7E497D /* CDVWKWebViewUIDelegate.m in Sources */,
				B67B0BA46DA44E4CA9A7BF71 /* CDVWKProcessPoolFactory.m in Sources */,
				290EE7AE4CF6412EB6E65C0A /* IONAssetHandler.m in Sources */,
				0DE91CCDD0364500A12633FA /* CDVSplashScreen+IonicCordovaCommon.m in Sources */,
				A7176E5EFCE544AA845C446E /* IonicCordovaCommon.m in Sources */,
				1932740E69F044CAA1CE56AD /* CDVIonicKeyboard.m in Sources */,
				366639D4FFC64C96BDC21E03 /* CDVKeyboard.m in Sources */,
				2C6F341D189D4EF8BE77CCA0 /* CDVSpinnerDialog.m in Sources */,
				F1CD1C2BAEB4469A8A4C33B8 /* SafariViewController.m in Sources */,
				B8067D5C68AE42C98E4B8C72 /* CDVStatusBar.m in Sources */,
				9DF1B0C104DB4DF596892CA8 /* Toast+UIView.m in Sources */,
				5FBB28F4B4FE4EE7B3504E02 /* Toast.m in Sources */,
				089938AB461B4B5C8FC4BD30 /* APPPrinter.m in Sources */,
				9A03F5DE98EB4F29AC437644 /* OneSignalPush.m in Sources */,
				4172494947A449DF87C5958D /* SQLitePlugin.m in Sources */,
				F2D7A6A34C8F4185A092E1E7 /* PSPDFThreadSafeMutableDictionary.m in Sources */,
				08EB50FA95DB40FDBF6E5837 /* sqlite3_regexp.c in Sources */,
				82E68B50E9964AE69D869266 /* sqlite3_base64.c in Sources */,
				3E811FCE9CB64A998BEE2ABE /* cencode.c in Sources */,
				DB63EE7FEF704EFFA392740A /* sqlite3.c in Sources */,
			);
			runOnlyForDeploymentPostprocessing = 0;
		};
/* End PBXSourcesBuildPhase section */

/* Begin PBXTargetDependency section */
		301BF551109A68C00062928A /* PBXTargetDependency */ = {
			isa = PBXTargetDependency;
			name = CordovaLib;
			targetProxy = 301BF550109A68C00062928A /* PBXContainerItemProxy */;
		};
/* End PBXTargetDependency section */

/* Begin XCBuildConfiguration section */
		1D6058940D05DD3E006BFB54 /* Debug */ = {
			isa = XCBuildConfiguration;
			baseConfigurationReference = 3047A50F1AB8059700498E2A /* build-debug.xcconfig */;
			buildSettings = {
				ALWAYS_SEARCH_USER_PATHS = NO;
				ASSETCATALOG_COMPILER_APPICON_NAME = AppIcon;
				ASSETCATALOG_COMPILER_LAUNCHIMAGE_NAME = LaunchImage;
				CLANG_ENABLE_MODULES = YES;
				CLANG_ENABLE_OBJC_ARC = YES;
				COPY_PHASE_STRIP = NO;
				DEVELOPMENT_TEAM = LFJ469SUAP;
				GCC_DYNAMIC_NO_PIC = NO;
				GCC_OPTIMIZATION_LEVEL = 0;
				GCC_PRECOMPILE_PREFIX_HEADER = YES;
				GCC_PREFIX_HEADER = "CONVERGENCE/CONVERGENCE-Prefix.pch";
				GCC_THUMB_SUPPORT = NO;
				GCC_VERSION = "";
				INFOPLIST_FILE = "CONVERGENCE/CONVERGENCE-Info.plist";
				IPHONEOS_DEPLOYMENT_TARGET = 11.0;
				LD_RUNPATH_SEARCH_PATHS = "@executable_path/Frameworks";
				PRODUCT_BUNDLE_IDENTIFIER = com.convergenceus.planner.demo;
				PRODUCT_NAME = "$(TARGET_NAME)";
				TARGETED_DEVICE_FAMILY = "1,2";
			};
			name = Debug;
		};
		1D6058950D05DD3E006BFB54 /* Release */ = {
			isa = XCBuildConfiguration;
			baseConfigurationReference = 3047A5101AB8059700498E2A /* build-release.xcconfig */;
			buildSettings = {
				ALWAYS_SEARCH_USER_PATHS = NO;
				ASSETCATALOG_COMPILER_APPICON_NAME = AppIcon;
				ASSETCATALOG_COMPILER_LAUNCHIMAGE_NAME = LaunchImage;
				CLANG_ENABLE_MODULES = YES;
				CLANG_ENABLE_OBJC_ARC = YES;
				COPY_PHASE_STRIP = YES;
				DEVELOPMENT_TEAM = LFJ469SUAP;
				GCC_PRECOMPILE_PREFIX_HEADER = YES;
				GCC_PREFIX_HEADER = "CONVERGENCE/CONVERGENCE-Prefix.pch";
				GCC_THUMB_SUPPORT = NO;
				GCC_VERSION = "";
				INFOPLIST_FILE = "CONVERGENCE/CONVERGENCE-Info.plist";
				IPHONEOS_DEPLOYMENT_TARGET = 11.0;
				LD_RUNPATH_SEARCH_PATHS = "@executable_path/Frameworks";
				PRODUCT_BUNDLE_IDENTIFIER = com.convergenceus.planner.demo;
				PRODUCT_NAME = "$(TARGET_NAME)";
				TARGETED_DEVICE_FAMILY = "1,2";
			};
			name = Release;
		};
		C01FCF4F08A954540054247B /* Debug */ = {
			isa = XCBuildConfiguration;
			baseConfigurationReference = 3047A5111AB8059700498E2A /* build.xcconfig */;
			buildSettings = {
				CLANG_ENABLE_MODULES = YES;
				CLANG_ENABLE_OBJC_ARC = YES;
				CLANG_WARN_BLOCK_CAPTURE_AUTORELEASING = YES;
				CLANG_WARN_BOOL_CONVERSION = YES;
				CLANG_WARN_COMMA = YES;
				CLANG_WARN_CONSTANT_CONVERSION = YES;
				CLANG_WARN_DEPRECATED_OBJC_IMPLEMENTATIONS = YES;
				CLANG_WARN_EMPTY_BODY = YES;
				CLANG_WARN_ENUM_CONVERSION = YES;
				CLANG_WARN_INFINITE_RECURSION = YES;
				CLANG_WARN_INT_CONVERSION = YES;
				CLANG_WARN_NON_LITERAL_NULL_CONVERSION = YES;
				CLANG_WARN_OBJC_IMPLICIT_RETAIN_SELF = YES;
				CLANG_WARN_OBJC_LITERAL_CONVERSION = YES;
				CLANG_WARN_RANGE_LOOP_ANALYSIS = YES;
				CLANG_WARN_STRICT_PROTOTYPES = YES;
				CLANG_WARN_SUSPICIOUS_MOVE = YES;
				CLANG_WARN_UNREACHABLE_CODE = YES;
				CLANG_WARN__DUPLICATE_METHOD_MATCH = YES;
				ENABLE_STRICT_OBJC_MSGSEND = YES;
				ENABLE_TESTABILITY = YES;
				GCC_C_LANGUAGE_STANDARD = c99;
				GCC_NO_COMMON_BLOCKS = YES;
				GCC_THUMB_SUPPORT = NO;
				GCC_VERSION = "";
				GCC_WARN_64_TO_32_BIT_CONVERSION = YES;
				GCC_WARN_ABOUT_RETURN_TYPE = YES;
				GCC_WARN_UNDECLARED_SELECTOR = YES;
				GCC_WARN_UNINITIALIZED_AUTOS = YES;
				GCC_WARN_UNUSED_FUNCTION = YES;
				GCC_WARN_UNUSED_VARIABLE = YES;
				IPHONEOS_DEPLOYMENT_TARGET = 11.0;
				ONLY_ACTIVE_ARCH = YES;
				PRODUCT_BUNDLE_IDENTIFIER = com.convergenceus.planner.demo;
				SDKROOT = iphoneos;
				SKIP_INSTALL = NO;
			};
			name = Debug;
		};
		C01FCF5008A954540054247B /* Release */ = {
			isa = XCBuildConfiguration;
			baseConfigurationReference = 3047A5111AB8059700498E2A /* build.xcconfig */;
			buildSettings = {
				CLANG_ENABLE_MODULES = YES;
				CLANG_ENABLE_OBJC_ARC = YES;
				CLANG_WARN_BLOCK_CAPTURE_AUTORELEASING = YES;
				CLANG_WARN_BOOL_CONVERSION = YES;
				CLANG_WARN_COMMA = YES;
				CLANG_WARN_CONSTANT_CONVERSION = YES;
				CLANG_WARN_DEPRECATED_OBJC_IMPLEMENTATIONS = YES;
				CLANG_WARN_EMPTY_BODY = YES;
				CLANG_WARN_ENUM_CONVERSION = YES;
				CLANG_WARN_INFINITE_RECURSION = YES;
				CLANG_WARN_INT_CONVERSION = YES;
				CLANG_WARN_NON_LITERAL_NULL_CONVERSION = YES;
				CLANG_WARN_OBJC_IMPLICIT_RETAIN_SELF = YES;
				CLANG_WARN_OBJC_LITERAL_CONVERSION = YES;
				CLANG_WARN_RANGE_LOOP_ANALYSIS = YES;
				CLANG_WARN_STRICT_PROTOTYPES = YES;
				CLANG_WARN_SUSPICIOUS_MOVE = YES;
				CLANG_WARN_UNREACHABLE_CODE = YES;
				CLANG_WARN__DUPLICATE_METHOD_MATCH = YES;
				ENABLE_STRICT_OBJC_MSGSEND = YES;
				GCC_C_LANGUAGE_STANDARD = c99;
				GCC_NO_COMMON_BLOCKS = YES;
				GCC_THUMB_SUPPORT = NO;
				GCC_VERSION = "";
				GCC_WARN_64_TO_32_BIT_CONVERSION = YES;
				GCC_WARN_ABOUT_RETURN_TYPE = YES;
				GCC_WARN_UNDECLARED_SELECTOR = YES;
				GCC_WARN_UNINITIALIZED_AUTOS = YES;
				GCC_WARN_UNUSED_FUNCTION = YES;
				GCC_WARN_UNUSED_VARIABLE = YES;
				IPHONEOS_DEPLOYMENT_TARGET = 11.0;
				PRODUCT_BUNDLE_IDENTIFIER = com.convergenceus.planner.demo;
				SDKROOT = iphoneos;
				SKIP_INSTALL = NO;
			};
			name = Release;
		};
/* End XCBuildConfiguration section */

/* Begin XCConfigurationList section */
		1D6058960D05DD3E006BFB54 /* Build configuration list for PBXNativeTarget "CONVERGENCE" */ = {
			isa = XCConfigurationList;
			buildConfigurations = (
				1D6058940D05DD3E006BFB54 /* Debug */,
				1D6058950D05DD3E006BFB54 /* Release */,
			);
			defaultConfigurationIsVisible = 0;
			defaultConfigurationName = Release;
		};
		C01FCF4E08A954540054247B /* Build configuration list for PBXProject "CONVERGENCE" */ = {
			isa = XCConfigurationList;
			buildConfigurations = (
				C01FCF4F08A954540054247B /* Debug */,
				C01FCF5008A954540054247B /* Release */,
			);
			defaultConfigurationIsVisible = 0;
			defaultConfigurationName = Release;
		};
/* End XCConfigurationList section */
	};
	rootObject = 29B97313FDCFA39411CA2CEA /* Project object */;
}
